// !$*UTF8*$!
{
	archiveVersion = 1;
	classes = {
	};
	objectVersion = 46;
	objects = {

/* Begin PBXBuildFile section */
		8F27C62E1BD9E6BE0005A73B /* AppDelegate.swift in Sources */ = {isa = PBXBuildFile; fileRef = 8F27C62D1BD9E6BE0005A73B /* AppDelegate.swift */; };
		8F27C6331BD9E6BE0005A73B /* Main.storyboard in Resources */ = {isa = PBXBuildFile; fileRef = 8F27C6311BD9E6BE0005A73B /* Main.storyboard */; };
		8F27C6351BD9E6BE0005A73B /* Assets.xcassets in Resources */ = {isa = PBXBuildFile; fileRef = 8F27C6341BD9E6BE0005A73B /* Assets.xcassets */; };
		8F27C6381BD9E6BE0005A73B /* LaunchScreen.storyboard in Resources */ = {isa = PBXBuildFile; fileRef = 8F27C6361BD9E6BE0005A73B /* LaunchScreen.storyboard */; };
		8F27C6401BD9E7680005A73B /* ListTableViewController.swift in Sources */ = {isa = PBXBuildFile; fileRef = 8F27C63F1BD9E7680005A73B /* ListTableViewController.swift */; };
/* End PBXBuildFile section */

/* Begin PBXFileReference section */
		8F27C62A1BD9E6BE0005A73B /* Demo37-GroupedTableView.app */ = {isa = PBXFileReference; explicitFileType = wrapper.application; includeInIndex = 0; path = "Demo37-GroupedTableView.app"; sourceTree = BUILT_PRODUCTS_DIR; };
		8F27C62D1BD9E6BE0005A73B /* AppDelegate.swift */ = {isa = PBXFileReference; lastKnownFileType = sourcecode.swift; path = AppDelegate.swift; sourceTree = "<group>"; };
		8F27C6321BD9E6BE0005A73B /* Base */ = {isa = PBXFileReference; lastKnownFileType = file.storyboard; name = Base; path = Base.lproj/Main.storyboard; sourceTree = "<group>"; };
		8F27C6341BD9E6BE0005A73B /* Assets.xcassets */ = {isa = PBXFileReference; lastKnownFileType = folder.assetcatalog; path = Assets.xcassets; sourceTree = "<group>"; };
		8F27C6371BD9E6BE0005A73B /* Base */ = {isa = PBXFileReference; lastKnownFileType = file.storyboard; name = Base; path = Base.lproj/LaunchScreen.storyboard; sourceTree = "<group>"; };
		8F27C6391BD9E6BE0005A73B /* Info.plist */ = {isa = PBXFileReference; lastKnownFileType = text.plist.xml; path = Info.plist; sourceTree = "<group>"; };
		8F27C63F1BD9E7680005A73B /* ListTableViewController.swift */ = {isa = PBXFileReference; fileEncoding = 4; lastKnownFileType = sourcecode.swift; path = ListTableViewController.swift; sourceTree = "<group>"; };
/* End PBXFileReference section */

/* Begin PBXFrameworksBuildPhase section */
		8F27C6271BD9E6BE0005A73B /* Frameworks */ = {
			isa = PBXFrameworksBuildPhase;
			buildActionMask = 2147483647;
			files = (
			);
			runOnlyForDeploymentPostprocessing = 0;
		};
/* End PBXFrameworksBuildPhase section */

/* Begin PBXGroup section */
		8F27C6211BD9E6BE0005A73B = {
			isa = PBXGroup;
			children = (
				8F27C62C1BD9E6BE0005A73B /* Demo37-GroupedTableView */,
				8F27C62B1BD9E6BE0005A73B /* Products */,
			);
			sourceTree = "<group>";
		};
		8F27C62B1BD9E6BE0005A73B /* Products */ = {
			isa = PBXGroup;
			children = (
				8F27C62A1BD9E6BE0005A73B /* Demo37-GroupedTableView.app */,
			);
			name = Products;
			sourceTree = "<group>";
		};
		8F27C62C1BD9E6BE0005A73B /* Demo37-GroupedTableView */ = {
			isa = PBXGroup;
			children = (
				8F27C62D1BD9E6BE0005A73B /* AppDelegate.swift */,
				8F27C63F1BD9E7680005A73B /* ListTableViewController.swift */,
				8F27C6311BD9E6BE0005A73B /* Main.storyboard */,
				8F27C6341BD9E6BE0005A73B /* Assets.xcassets */,
				8F27C6361BD9E6BE0005A73B /* LaunchScreen.storyboard */,
				8F27C6391BD9E6BE0005A73B /* Info.plist */,
			);
			path = "Demo37-GroupedTableView";
			sourceTree = "<group>";
		};
/* End PBXGroup section */

/* Begin PBXNativeTarget section */
		8F27C6291BD9E6BE0005A73B /* Demo37-GroupedTableView */ = {
			isa = PBXNativeTarget;
			buildConfigurationList = 8F27C63C1BD9E6BE0005A73B /* Build configuration list for PBXNativeTarget "Demo37-GroupedTableView" */;
			buildPhases = (
				8F27C6261BD9E6BE0005A73B /* Sources */,
				8F27C6271BD9E6BE0005A73B /* Frameworks */,
				8F27C6281BD9E6BE0005A73B /* Resources */,
			);
			buildRules = (
			);
			dependencies = (
			);
			name = "Demo37-GroupedTableView";
			productName = "Demo37-GroupedTableView";
			productReference = 8F27C62A1BD9E6BE0005A73B /* Demo37-GroupedTableView.app */;
			productType = "com.apple.product-type.application";
		};
/* End PBXNativeTarget section */

/* Begin PBXProject section */
		8F27C6221BD9E6BE0005A73B /* Project object */ = {
			isa = PBXProject;
			attributes = {
				LastSwiftUpdateCheck = 0710;
				LastUpgradeCheck = 0710;
				ORGANIZATIONNAME = "PrashantKumar Mangukiya";
				TargetAttributes = {
					8F27C6291BD9E6BE0005A73B = {
						CreatedOnToolsVersion = 7.1;
					};
				};
			};
			buildConfigurationList = 8F27C6251BD9E6BE0005A73B /* Build configuration list for PBXProject "Demo37-GroupedTableView" */;
			compatibilityVersion = "Xcode 3.2";
			developmentRegion = English;
			hasScannedForEncodings = 0;
			knownRegions = (
				en,
				Base,
			);
			mainGroup = 8F27C6211BD9E6BE0005A73B;
			productRefGroup = 8F27C62B1BD9E6BE0005A73B /* Products */;
			projectDirPath = "";
			projectRoot = "";
			targets = (
				8F27C6291BD9E6BE0005A73B /* Demo37-GroupedTableView */,
			);
		};
/* End PBXProject section */

/* Begin PBXResourcesBuildPhase section */
		8F27C6281BD9E6BE0005A73B /* Resources */ = {
			isa = PBXResourcesBuildPhase;
			buildActionMask = 2147483647;
			files = (
				8F27C6381BD9E6BE0005A73B /* LaunchScreen.storyboard in Resources */,
				8F27C6351BD9E6BE0005A73B /* Assets.xcassets in Resources */,
				8F27C6331BD9E6BE0005A73B /* Main.storyboard in Resources */,
			);
			runOnlyForDeploymentPostprocessing = 0;
		};
/* End PBXResourcesBuildPhase section */

/* Begin PBXSourcesBuildPhase section */
		8F27C6261BD9E6BE0005A73B /* Sources */ = {
			isa = PBXSourcesBuildPhase;
			buildActionMask = 2147483647;
			files = (
				8F27C6401BD9E7680005A73B /* ListTableViewController.swift in Sources */,
				8F27C62E1BD9E6BE0005A73B /* AppDelegate.swift in Sources */,
			);
			runOnlyForDeploymentPostprocessing = 0;
		};
/* End PBXSourcesBuildPhase section */

/* Begin PBXVariantGroup section */
		8F27C6311BD9E6BE0005A73B /* Main.storyboard */ = {
			isa = PBXVariantGroup;
			children = (
				8F27C6321BD9E6BE0005A73B /* Base */,
			);
			name = Main.storyboard;
			sourceTree = "<group>";
		};
		8F27C6361BD9E6BE0005A73B /* LaunchScreen.storyboard */ = {
			isa = PBXVariantGroup;
			children = (
				8F27C6371BD9E6BE0005A73B /* Base */,
			);
			name = LaunchScreen.storyboard;
			sourceTree = "<group>";
		};
/* End PBXVariantGroup section */

/* Begin XCBuildConfiguration section */
		8F27C63A1BD9E6BE0005A73B /* Debug */ = {
			isa = XCBuildConfiguration;
			buildSettings = {
				ALWAYS_SEARCH_USER_PATHS = NO;
				CLANG_CXX_LANGUAGE_STANDARD = "gnu++0x";
				CLANG_CXX_LIBRARY = "libc++";
				CLANG_ENABLE_MODULES = YES;
				CLANG_ENABLE_OBJC_ARC = YES;
				CLANG_WARN_BOOL_CONVERSION = YES;
				CLANG_WARN_CONSTANT_CONVERSION = YES;
				CLANG_WARN_DIRECT_OBJC_ISA_USAGE = YES_ERROR;
				CLANG_WARN_EMPTY_BODY = YES;
				CLANG_WARN_ENUM_CONVERSION = YES;
				CLANG_WARN_INT_CONVERSION = YES;
				CLANG_WARN_OBJC_ROOT_CLASS = YES_ERROR;
				CLANG_WARN_UNREACHABLE_CODE = YES;
				CLANG_WARN__DUPLICATE_METHOD_MATCH = YES;
				"CODE_SIGN_IDENTITY[sdk=iphoneos*]" = "iPhone Developer";
				COPY_PHASE_STRIP = NO;
				DEBUG_INFORMATION_FORMAT = dwarf;
				ENABLE_STRICT_OBJC_MSGSEND = YES;
				ENABLE_TESTABILITY = YES;
				GCC_C_LANGUAGE_STANDARD = gnu99;
				GCC_DYNAMIC_NO_PIC = NO;
				GCC_NO_COMMON_BLOCKS = YES;
				GCC_OPTIMIZATION_LEVEL = 0;
				GCC_PREPROCESSOR_DEFINITIONS = (
					"DEBUG=1",
					"$(inherited)",
				);
				GCC_WARN_64_TO_32_BIT_CONVERSION = YES;
				GCC_WARN_ABOUT_RETURN_TYPE = YES_ERROR;
				GCC_WARN_UNDECLARED_SELECTOR = YES;
				GCC_WARN_UNINITIALIZED_AUTOS = YES_AGGRESSIVE;
				GCC_WARN_UNUSED_FUNCTION = YES;
				GCC_WARN_UNUSED_VARIABLE = YES;
				IPHONEOS_DEPLOYMENT_TARGET = 9.1;
				MTL_ENABLE_DEBUG_INFO = YES;
				ONLY_ACTIVE_ARCH = YES;
				SDKROOT = iphoneos;
				SWIFT_OPTIMIZATION_LEVEL = "-Onone";
				TARGETED_DEVICE_FAMILY = "1,2";
			};
			name = Debug;
		};
		8F27C63B1BD9E6BE0005A73B /* Release */ = {
			isa = XCBuildConfiguration;
			buildSettings = {
				ALWAYS_SEARCH_USER_PATHS = NO;
				CLANG_CXX_LANGUAGE_STANDARD = "gnu++0x";
				CLANG_CXX_LIBRARY = "libc++";
				CLANG_ENABLE_MODULES = YES;
				CLANG_ENABLE_OBJC_ARC = YES;
				CLANG_WARN_BOOL_CONVERSION = YES;
				CLANG_WARN_CONSTANT_CONVERSION = YES;
				CLANG_WARN_DIRECT_OBJC_ISA_USAGE = YES_ERROR;
				CLANG_WARN_EMPTY_BODY = YES;
				CLANG_WARN_ENUM_CONVERSION = YES;
				CLANG_WARN_INT_CONVERSION = YES;
				CLANG_WARN_OBJC_ROOT_CLASS = YES_ERROR;
				CLANG_WARN_UNREACHABLE_CODE = YES;
				CLANG_WARN__DUPLICATE_METHOD_MATCH = YES;
				"CODE_SIGN_IDENTITY[sdk=iphoneos*]" = "iPhone Developer";
				COPY_PHASE_STRIP = NO;
				DEBUG_INFORMATION_FORMAT = "dwarf-with-dsym";
				ENABLE_NS_ASSERTIONS = NO;
				ENABLE_STRICT_OBJC_MSGSEND = YES;
				GCC_C_LANGUAGE_STANDARD = gnu99;
				GCC_NO_COMMON_BLOCKS = YES;
				GCC_WARN_64_TO_32_BIT_CONVERSION = YES;
				GCC_WARN_ABOUT_RETURN_TYPE = YES_ERROR;
				GCC_WARN_UNDECLARED_SELECTOR = YES;
				GCC_WARN_UNINITIALIZED_AUTOS = YES_AGGRESSIVE;
				GCC_WARN_UNUSED_FUNCTION = YES;
				GCC_WARN_UNUSED_VARIABLE = YES;
				IPHONEOS_DEPLOYMENT_TARGET = 9.1;
				MTL_ENABLE_DEBUG_INFO = NO;
				SDKROOT = iphoneos;
				TARGETED_DEVICE_FAMILY = "1,2";
				VALIDATE_PRODUCT = YES;
			};
			name = Release;
		};
		8F27C63D1BD9E6BE0005A73B /* Debug */ = {
			isa = XCBuildConfiguration;
			buildSettings = {
				ASSETCATALOG_COMPILER_APPICON_NAME = AppIcon;
				INFOPLIST_FILE = "Demo37-GroupedTableView/Info.plist";
				LD_RUNPATH_SEARCH_PATHS = "$(inherited) @executable_path/Frameworks";
				PRODUCT_BUNDLE_IDENTIFIER = "com.prashantmangukiya.ios.Demo37-GroupedTableView";
				PRODUCT_NAME = "$(TARGET_NAME)";
			};
			name = Debug;
		};
		8F27C63E1BD9E6BE0005A73B /* Release */ = {
			isa = XCBuildConfiguration;
			buildSettings = {
				ASSETCATALOG_COMPILER_APPICON_NAME = AppIcon;
				INFOPLIST_FILE = "Demo37-GroupedTableView/Info.plist";
				LD_RUNPATH_SEARCH_PATHS = "$(inherited) @executable_path/Frameworks";
				PRODUCT_BUNDLE_IDENTIFIER = "com.prashantmangukiya.ios.Demo37-GroupedTableView";
				PRODUCT_NAME = "$(TARGET_NAME)";
			};
			name = Release;
		};
/* End XCBuildConfiguration section */

/* Begin XCConfigurationList section */
		8F27C6251BD9E6BE0005A73B /* Build configuration list for PBXProject "Demo37-GroupedTableView" */ = {
			isa = XCConfigurationList;
			buildConfigurations = (
				8F27C63A1BD9E6BE0005A73B /* Debug */,
				8F27C63B1BD9E6BE0005A73B /* Release */,
			);
			defaultConfigurationIsVisible = 0;
			defaultConfigurationName = Release;
		};
		8F27C63C1BD9E6BE0005A73B /* Build configuration list for PBXNativeTarget "Demo37-GroupedTableView" */ = {
			isa = XCConfigurationList;
			buildConfigurations = (
				8F27C63D1BD9E6BE0005A73B /* Debug */,
				8F27C63E1BD9E6BE0005A73B /* Release */,
			);
			defaultConfigurationIsVisible = 0;
		};
/* End XCConfigurationList section */
	};
	rootObject = 8F27C6221BD9E6BE0005A73B /* Project object */;
}
