// !$*UTF8*$!
{
	archiveVersion = 1;
	classes = {
	};
	objectVersion = 46;
	objects = {

/* Begin PBXBuildFile section */
		8F0D5D891BB99A0C00AF6A08 /* AppDelegate.swift in Sources */ = {isa = PBXBuildFile; fileRef = 8F0D5D881BB99A0C00AF6A08 /* AppDelegate.swift */; };
		8F0D5D8B1BB99A0C00AF6A08 /* ViewController.swift in Sources */ = {isa = PBXBuildFile; fileRef = 8F0D5D8A1BB99A0C00AF6A08 /* ViewController.swift */; };
		8F0D5D8E1BB99A0C00AF6A08 /* Main.storyboard in Resources */ = {isa = PBXBuildFile; fileRef = 8F0D5D8C1BB99A0C00AF6A08 /* Main.storyboard */; };
		8F0D5D901BB99A0C00AF6A08 /* Assets.xcassets in Resources */ = {isa = PBXBuildFile; fileRef = 8F0D5D8F1BB99A0C00AF6A08 /* Assets.xcassets */; };
		8F0D5D931BB99A0C00AF6A08 /* LaunchScreen.storyboard in Resources */ = {isa = PBXBuildFile; fileRef = 8F0D5D911BB99A0C00AF6A08 /* LaunchScreen.storyboard */; };
/* End PBXBuildFile section */

/* Begin PBXFileReference section */
		8F0D5D851BB99A0C00AF6A08 /* Demo12-UIScrollView.app */ = {isa = PBXFileReference; explicitFileType = wrapper.application; includeInIndex = 0; path = "Demo12-UIScrollView.app"; sourceTree = BUILT_PRODUCTS_DIR; };
		8F0D5D881BB99A0C00AF6A08 /* AppDelegate.swift */ = {isa = PBXFileReference; lastKnownFileType = sourcecode.swift; path = AppDelegate.swift; sourceTree = "<group>"; };
		8F0D5D8A1BB99A0C00AF6A08 /* ViewController.swift */ = {isa = PBXFileReference; lastKnownFileType = sourcecode.swift; path = ViewController.swift; sourceTree = "<group>"; };
		8F0D5D8D1BB99A0C00AF6A08 /* Base */ = {isa = PBXFileReference; lastKnownFileType = file.storyboard; name = Base; path = Base.lproj/Main.storyboard; sourceTree = "<group>"; };
		8F0D5D8F1BB99A0C00AF6A08 /* Assets.xcassets */ = {isa = PBXFileReference; lastKnownFileType = folder.assetcatalog; path = Assets.xcassets; sourceTree = "<group>"; };
		8F0D5D921BB99A0C00AF6A08 /* Base */ = {isa = PBXFileReference; lastKnownFileType = file.storyboard; name = Base; path = Base.lproj/LaunchScreen.storyboard; sourceTree = "<group>"; };
		8F0D5D941BB99A0C00AF6A08 /* Info.plist */ = {isa = PBXFileReference; lastKnownFileType = text.plist.xml; path = Info.plist; sourceTree = "<group>"; };
/* End PBXFileReference section */

/* Begin PBXFrameworksBuildPhase section */
		8F0D5D821BB99A0C00AF6A08 /* Frameworks */ = {
			isa = PBXFrameworksBuildPhase;
			buildActionMask = 2147483647;
			files = (
			);
			runOnlyForDeploymentPostprocessing = 0;
		};
/* End PBXFrameworksBuildPhase section */

/* Begin PBXGroup section */
		8F0D5D7C1BB99A0C00AF6A08 = {
			isa = PBXGroup;
			children = (
				8F0D5D871BB99A0C00AF6A08 /* Demo12-UIScrollView */,
				8F0D5D861BB99A0C00AF6A08 /* Products */,
			);
			sourceTree = "<group>";
		};
		8F0D5D861BB99A0C00AF6A08 /* Products */ = {
			isa = PBXGroup;
			children = (
				8F0D5D851BB99A0C00AF6A08 /* Demo12-UIScrollView.app */,
			);
			name = Products;
			sourceTree = "<group>";
		};
		8F0D5D871BB99A0C00AF6A08 /* Demo12-UIScrollView */ = {
			isa = PBXGroup;
			children = (
				8F0D5D881BB99A0C00AF6A08 /* AppDelegate.swift */,
				8F0D5D8A1BB99A0C00AF6A08 /* ViewController.swift */,
				8F0D5D8C1BB99A0C00AF6A08 /* Main.storyboard */,
				8F0D5D8F1BB99A0C00AF6A08 /* Assets.xcassets */,
				8F0D5D911BB99A0C00AF6A08 /* LaunchScreen.storyboard */,
				8F0D5D941BB99A0C00AF6A08 /* Info.plist */,
			);
			path = "Demo12-UIScrollView";
			sourceTree = "<group>";
		};
/* End PBXGroup section */

/* Begin PBXNativeTarget section */
		8F0D5D841BB99A0C00AF6A08 /* Demo12-UIScrollView */ = {
			isa = PBXNativeTarget;
			buildConfigurationList = 8F0D5D971BB99A0C00AF6A08 /* Build configuration list for PBXNativeTarget "Demo12-UIScrollView" */;
			buildPhases = (
				8F0D5D811BB99A0C00AF6A08 /* Sources */,
				8F0D5D821BB99A0C00AF6A08 /* Frameworks */,
				8F0D5D831BB99A0C00AF6A08 /* Resources */,
			);
			buildRules = (
			);
			dependencies = (
			);
			name = "Demo12-UIScrollView";
			productName = "Demo12-UIScrollView";
			productReference = 8F0D5D851BB99A0C00AF6A08 /* Demo12-UIScrollView.app */;
			productType = "com.apple.product-type.application";
		};
/* End PBXNativeTarget section */

/* Begin PBXProject section */
		8F0D5D7D1BB99A0C00AF6A08 /* Project object */ = {
			isa = PBXProject;
			attributes = {
				LastUpgradeCheck = 0700;
				ORGANIZATIONNAME = "PrashantKumar Mangukiya";
				TargetAttributes = {
					8F0D5D841BB99A0C00AF6A08 = {
						CreatedOnToolsVersion = 7.0;
					};
				};
			};
			buildConfigurationList = 8F0D5D801BB99A0C00AF6A08 /* Build configuration list for PBXProject "Demo12-UIScrollView" */;
			compatibilityVersion = "Xcode 3.2";
			developmentRegion = English;
			hasScannedForEncodings = 0;
			knownRegions = (
				en,
				Base,
			);
			mainGroup = 8F0D5D7C1BB99A0C00AF6A08;
			productRefGroup = 8F0D5D861BB99A0C00AF6A08 /* Products */;
			projectDirPath = "";
			projectRoot = "";
			targets = (
				8F0D5D841BB99A0C00AF6A08 /* Demo12-UIScrollView */,
			);
		};
/* End PBXProject section */

/* Begin PBXResourcesBuildPhase section */
		8F0D5D831BB99A0C00AF6A08 /* Resources */ = {
			isa = PBXResourcesBuildPhase;
			buildActionMask = 2147483647;
			files = (
				8F0D5D931BB99A0C00AF6A08 /* LaunchScreen.storyboard in Resources */,
				8F0D5D901BB99A0C00AF6A08 /* Assets.xcassets in Resources */,
				8F0D5D8E1BB99A0C00AF6A08 /* Main.storyboard in Resources */,
			);
			runOnlyForDeploymentPostprocessing = 0;
		};
/* End PBXResourcesBuildPhase section */

/* Begin PBXSourcesBuildPhase section */
		8F0D5D811BB99A0C00AF6A08 /* Sources */ = {
			isa = PBXSourcesBuildPhase;
			buildActionMask = 2147483647;
			files = (
				8F0D5D8B1BB99A0C00AF6A08 /* ViewController.swift in Sources */,
				8F0D5D891BB99A0C00AF6A08 /* AppDelegate.swift in Sources */,
			);
			runOnlyForDeploymentPostprocessing = 0;
		};
/* End PBXSourcesBuildPhase section */

/* Begin PBXVariantGroup section */
		8F0D5D8C1BB99A0C00AF6A08 /* Main.storyboard */ = {
			isa = PBXVariantGroup;
			children = (
				8F0D5D8D1BB99A0C00AF6A08 /* Base */,
			);
			name = Main.storyboard;
			sourceTree = "<group>";
		};
		8F0D5D911BB99A0C00AF6A08 /* LaunchScreen.storyboard */ = {
			isa = PBXVariantGroup;
			children = (
				8F0D5D921BB99A0C00AF6A08 /* Base */,
			);
			name = LaunchScreen.storyboard;
			sourceTree = "<group>";
		};
/* End PBXVariantGroup section */

/* Begin XCBuildConfiguration section */
		8F0D5D951BB99A0C00AF6A08 /* Debug */ = {
			isa = XCBuildConfiguration;
			buildSettings = {
				ALWAYS_SEARCH_USER_PATHS = NO;
				CLANG_CXX_LANGUAGE_STANDARD = "gnu++0x";
				CLANG_CXX_LIBRARY = "libc++";
				CLANG_ENABLE_MODULES = YES;
				CLANG_ENABLE_OBJC_ARC = YES;
				CLANG_WARN_BOOL_CONVERSION = YES;
				CLANG_WARN_CONSTANT_CONVERSION = YES;
				CLANG_WARN_DIRECT_OBJC_ISA_USAGE = YES_ERROR;
				CLANG_WARN_EMPTY_BODY = YES;
				CLANG_WARN_ENUM_CONVERSION = YES;
				CLANG_WARN_INT_CONVERSION = YES;
				CLANG_WARN_OBJC_ROOT_CLASS = YES_ERROR;
				CLANG_WARN_UNREACHABLE_CODE = YES;
				CLANG_WARN__DUPLICATE_METHOD_MATCH = YES;
				"CODE_SIGN_IDENTITY[sdk=iphoneos*]" = "iPhone Developer";
				COPY_PHASE_STRIP = NO;
				DEBUG_INFORMATION_FORMAT = dwarf;
				ENABLE_STRICT_OBJC_MSGSEND = YES;
				ENABLE_TESTABILITY = YES;
				GCC_C_LANGUAGE_STANDARD = gnu99;
				GCC_DYNAMIC_NO_PIC = NO;
				GCC_NO_COMMON_BLOCKS = YES;
				GCC_OPTIMIZATION_LEVEL = 0;
				GCC_PREPROCESSOR_DEFINITIONS = (
					"DEBUG=1",
					"$(inherited)",
				);
				GCC_WARN_64_TO_32_BIT_CONVERSION = YES;
				GCC_WARN_ABOUT_RETURN_TYPE = YES_ERROR;
				GCC_WARN_UNDECLARED_SELECTOR = YES;
				GCC_WARN_UNINITIALIZED_AUTOS = YES_AGGRESSIVE;
				GCC_WARN_UNUSED_FUNCTION = YES;
				GCC_WARN_UNUSED_VARIABLE = YES;
				IPHONEOS_DEPLOYMENT_TARGET = 9.0;
				MTL_ENABLE_DEBUG_INFO = YES;
				ONLY_ACTIVE_ARCH = YES;
				SDKROOT = iphoneos;
				SWIFT_OPTIMIZATION_LEVEL = "-Onone";
				TARGETED_DEVICE_FAMILY = "1,2";
			};
			name = Debug;
		};
		8F0D5D961BB99A0C00AF6A08 /* Release */ = {
			isa = XCBuildConfiguration;
			buildSettings = {
				ALWAYS_SEARCH_USER_PATHS = NO;
				CLANG_CXX_LANGUAGE_STANDARD = "gnu++0x";
				CLANG_CXX_LIBRARY = "libc++";
				CLANG_ENABLE_MODULES = YES;
				CLANG_ENABLE_OBJC_ARC = YES;
				CLANG_WARN_BOOL_CONVERSION = YES;
				CLANG_WARN_CONSTANT_CONVERSION = YES;
				CLANG_WARN_DIRECT_OBJC_ISA_USAGE = YES_ERROR;
				CLANG_WARN_EMPTY_BODY = YES;
				CLANG_WARN_ENUM_CONVERSION = YES;
				CLANG_WARN_INT_CONVERSION = YES;
				CLANG_WARN_OBJC_ROOT_CLASS = YES_ERROR;
				CLANG_WARN_UNREACHABLE_CODE = YES;
				CLANG_WARN__DUPLICATE_METHOD_MATCH = YES;
				"CODE_SIGN_IDENTITY[sdk=iphoneos*]" = "iPhone Developer";
				COPY_PHASE_STRIP = NO;
				DEBUG_INFORMATION_FORMAT = "dwarf-with-dsym";
				ENABLE_NS_ASSERTIONS = NO;
				ENABLE_STRICT_OBJC_MSGSEND = YES;
				GCC_C_LANGUAGE_STANDARD = gnu99;
				GCC_NO_COMMON_BLOCKS = YES;
				GCC_WARN_64_TO_32_BIT_CONVERSION = YES;
				GCC_WARN_ABOUT_RETURN_TYPE = YES_ERROR;
				GCC_WARN_UNDECLARED_SELECTOR = YES;
				GCC_WARN_UNINITIALIZED_AUTOS = YES_AGGRESSIVE;
				GCC_WARN_UNUSED_FUNCTION = YES;
				GCC_WARN_UNUSED_VARIABLE = YES;
				IPHONEOS_DEPLOYMENT_TARGET = 9.0;
				MTL_ENABLE_DEBUG_INFO = NO;
				SDKROOT = iphoneos;
				TARGETED_DEVICE_FAMILY = "1,2";
				VALIDATE_PRODUCT = YES;
			};
			name = Release;
		};
		8F0D5D981BB99A0C00AF6A08 /* Debug */ = {
			isa = XCBuildConfiguration;
			buildSettings = {
				ASSETCATALOG_COMPILER_APPICON_NAME = AppIcon;
				INFOPLIST_FILE = "Demo12-UIScrollView/Info.plist";
				LD_RUNPATH_SEARCH_PATHS = "$(inherited) @executable_path/Frameworks";
				PRODUCT_BUNDLE_IDENTIFIER = "com.prashantmangukiya.ios.Demo12-UIScrollView";
				PRODUCT_NAME = "$(TARGET_NAME)";
			};
			name = Debug;
		};
		8F0D5D991BB99A0C00AF6A08 /* Release */ = {
			isa = XCBuildConfiguration;
			buildSettings = {
				ASSETCATALOG_COMPILER_APPICON_NAME = AppIcon;
				INFOPLIST_FILE = "Demo12-UIScrollView/Info.plist";
				LD_RUNPATH_SEARCH_PATHS = "$(inherited) @executable_path/Frameworks";
				PRODUCT_BUNDLE_IDENTIFIER = "com.prashantmangukiya.ios.Demo12-UIScrollView";
				PRODUCT_NAME = "$(TARGET_NAME)";
			};
			name = Release;
		};
/* End XCBuildConfiguration section */

/* Begin XCConfigurationList section */
		8F0D5D801BB99A0C00AF6A08 /* Build configuration list for PBXProject "Demo12-UIScrollView" */ = {
			isa = XCConfigurationList;
			buildConfigurations = (
				8F0D5D951BB99A0C00AF6A08 /* Debug */,
				8F0D5D961BB99A0C00AF6A08 /* Release */,
			);
			defaultConfigurationIsVisible = 0;
			defaultConfigurationName = Release;
		};
		8F0D5D971BB99A0C00AF6A08 /* Build configuration list for PBXNativeTarget "Demo12-UIScrollView" */ = {
			isa = XCConfigurationList;
			buildConfigurations = (
				8F0D5D981BB99A0C00AF6A08 /* Debug */,
				8F0D5D991BB99A0C00AF6A08 /* Release */,
			);
			defaultConfigurationIsVisible = 0;
		};
/* End XCConfigurationList section */
	};
	rootObject = 8F0D5D7D1BB99A0C00AF6A08 /* Project object */;
}
