// !$*UTF8*$!
{
	archiveVersion = 1;
	classes = {
	};
	objectVersion = 46;
	objects = {

/* Begin PBXBuildFile section */
		8F9986901BB7C4DF005C84D5 /* AppDelegate.swift in Sources */ = {isa = PBXBuildFile; fileRef = 8F99868F1BB7C4DF005C84D5 /* AppDelegate.swift */; };
		8F9986921BB7C4DF005C84D5 /* ViewController.swift in Sources */ = {isa = PBXBuildFile; fileRef = 8F9986911BB7C4DF005C84D5 /* ViewController.swift */; };
		8F9986951BB7C4DF005C84D5 /* Main.storyboard in Resources */ = {isa = PBXBuildFile; fileRef = 8F9986931BB7C4DF005C84D5 /* Main.storyboard */; };
		8F9986971BB7C4DF005C84D5 /* Assets.xcassets in Resources */ = {isa = PBXBuildFile; fileRef = 8F9986961BB7C4DF005C84D5 /* Assets.xcassets */; };
		8F99869A1BB7C4DF005C84D5 /* LaunchScreen.storyboard in Resources */ = {isa = PBXBuildFile; fileRef = 8F9986981BB7C4DF005C84D5 /* LaunchScreen.storyboard */; };
/* End PBXBuildFile section */

/* Begin PBXFileReference section */
		8F99868C1BB7C4DF005C84D5 /* Demo6-UISlider.app */ = {isa = PBXFileReference; explicitFileType = wrapper.application; includeInIndex = 0; path = "Demo6-UISlider.app"; sourceTree = BUILT_PRODUCTS_DIR; };
		8F99868F1BB7C4DF005C84D5 /* AppDelegate.swift */ = {isa = PBXFileReference; lastKnownFileType = sourcecode.swift; path = AppDelegate.swift; sourceTree = "<group>"; };
		8F9986911BB7C4DF005C84D5 /* ViewController.swift */ = {isa = PBXFileReference; lastKnownFileType = sourcecode.swift; path = ViewController.swift; sourceTree = "<group>"; };
		8F9986941BB7C4DF005C84D5 /* Base */ = {isa = PBXFileReference; lastKnownFileType = file.storyboard; name = Base; path = Base.lproj/Main.storyboard; sourceTree = "<group>"; };
		8F9986961BB7C4DF005C84D5 /* Assets.xcassets */ = {isa = PBXFileReference; lastKnownFileType = folder.assetcatalog; path = Assets.xcassets; sourceTree = "<group>"; };
		8F9986991BB7C4DF005C84D5 /* Base */ = {isa = PBXFileReference; lastKnownFileType = file.storyboard; name = Base; path = Base.lproj/LaunchScreen.storyboard; sourceTree = "<group>"; };
		8F99869B1BB7C4DF005C84D5 /* Info.plist */ = {isa = PBXFileReference; lastKnownFileType = text.plist.xml; path = Info.plist; sourceTree = "<group>"; };
/* End PBXFileReference section */

/* Begin PBXFrameworksBuildPhase section */
		8F9986891BB7C4DF005C84D5 /* Frameworks */ = {
			isa = PBXFrameworksBuildPhase;
			buildActionMask = 2147483647;
			files = (
			);
			runOnlyForDeploymentPostprocessing = 0;
		};
/* End PBXFrameworksBuildPhase section */

/* Begin PBXGroup section */
		8F9986831BB7C4DF005C84D5 = {
			isa = PBXGroup;
			children = (
				8F99868E1BB7C4DF005C84D5 /* Demo6-UISlider */,
				8F99868D1BB7C4DF005C84D5 /* Products */,
			);
			sourceTree = "<group>";
		};
		8F99868D1BB7C4DF005C84D5 /* Products */ = {
			isa = PBXGroup;
			children = (
				8F99868C1BB7C4DF005C84D5 /* Demo6-UISlider.app */,
			);
			name = Products;
			sourceTree = "<group>";
		};
		8F99868E1BB7C4DF005C84D5 /* Demo6-UISlider */ = {
			isa = PBXGroup;
			children = (
				8F99868F1BB7C4DF005C84D5 /* AppDelegate.swift */,
				8F9986911BB7C4DF005C84D5 /* ViewController.swift */,
				8F9986931BB7C4DF005C84D5 /* Main.storyboard */,
				8F9986961BB7C4DF005C84D5 /* Assets.xcassets */,
				8F9986981BB7C4DF005C84D5 /* LaunchScreen.storyboard */,
				8F99869B1BB7C4DF005C84D5 /* Info.plist */,
			);
			path = "Demo6-UISlider";
			sourceTree = "<group>";
		};
/* End PBXGroup section */

/* Begin PBXNativeTarget section */
		8F99868B1BB7C4DF005C84D5 /* Demo6-UISlider */ = {
			isa = PBXNativeTarget;
			buildConfigurationList = 8F99869E1BB7C4DF005C84D5 /* Build configuration list for PBXNativeTarget "Demo6-UISlider" */;
			buildPhases = (
				8F9986881BB7C4DF005C84D5 /* Sources */,
				8F9986891BB7C4DF005C84D5 /* Frameworks */,
				8F99868A1BB7C4DF005C84D5 /* Resources */,
			);
			buildRules = (
			);
			dependencies = (
			);
			name = "Demo6-UISlider";
			productName = "Demo6-UISlider";
			productReference = 8F99868C1BB7C4DF005C84D5 /* Demo6-UISlider.app */;
			productType = "com.apple.product-type.application";
		};
/* End PBXNativeTarget section */

/* Begin PBXProject section */
		8F9986841BB7C4DF005C84D5 /* Project object */ = {
			isa = PBXProject;
			attributes = {
				LastUpgradeCheck = 0700;
				ORGANIZATIONNAME = "PrashantKumar Mangukiya";
				TargetAttributes = {
					8F99868B1BB7C4DF005C84D5 = {
						CreatedOnToolsVersion = 7.0;
					};
				};
			};
			buildConfigurationList = 8F9986871BB7C4DF005C84D5 /* Build configuration list for PBXProject "Demo6-UISlider" */;
			compatibilityVersion = "Xcode 3.2";
			developmentRegion = English;
			hasScannedForEncodings = 0;
			knownRegions = (
				en,
				Base,
			);
			mainGroup = 8F9986831BB7C4DF005C84D5;
			productRefGroup = 8F99868D1BB7C4DF005C84D5 /* Products */;
			projectDirPath = "";
			projectRoot = "";
			targets = (
				8F99868B1BB7C4DF005C84D5 /* Demo6-UISlider */,
			);
		};
/* End PBXProject section */

/* Begin PBXResourcesBuildPhase section */
		8F99868A1BB7C4DF005C84D5 /* Resources */ = {
			isa = PBXResourcesBuildPhase;
			buildActionMask = 2147483647;
			files = (
				8F99869A1BB7C4DF005C84D5 /* LaunchScreen.storyboard in Resources */,
				8F9986971BB7C4DF005C84D5 /* Assets.xcassets in Resources */,
				8F9986951BB7C4DF005C84D5 /* Main.storyboard in Resources */,
			);
			runOnlyForDeploymentPostprocessing = 0;
		};
/* End PBXResourcesBuildPhase section */

/* Begin PBXSourcesBuildPhase section */
		8F9986881BB7C4DF005C84D5 /* Sources */ = {
			isa = PBXSourcesBuildPhase;
			buildActionMask = 2147483647;
			files = (
				8F9986921BB7C4DF005C84D5 /* ViewController.swift in Sources */,
				8F9986901BB7C4DF005C84D5 /* AppDelegate.swift in Sources */,
			);
			runOnlyForDeploymentPostprocessing = 0;
		};
/* End PBXSourcesBuildPhase section */

/* Begin PBXVariantGroup section */
		8F9986931BB7C4DF005C84D5 /* Main.storyboard */ = {
			isa = PBXVariantGroup;
			children = (
				8F9986941BB7C4DF005C84D5 /* Base */,
			);
			name = Main.storyboard;
			sourceTree = "<group>";
		};
		8F9986981BB7C4DF005C84D5 /* LaunchScreen.storyboard */ = {
			isa = PBXVariantGroup;
			children = (
				8F9986991BB7C4DF005C84D5 /* Base */,
			);
			name = LaunchScreen.storyboard;
			sourceTree = "<group>";
		};
/* End PBXVariantGroup section */

/* Begin XCBuildConfiguration section */
		8F99869C1BB7C4DF005C84D5 /* Debug */ = {
			isa = XCBuildConfiguration;
			buildSettings = {
				ALWAYS_SEARCH_USER_PATHS = NO;
				CLANG_CXX_LANGUAGE_STANDARD = "gnu++0x";
				CLANG_CXX_LIBRARY = "libc++";
				CLANG_ENABLE_MODULES = YES;
				CLANG_ENABLE_OBJC_ARC = YES;
				CLANG_WARN_BOOL_CONVERSION = YES;
				CLANG_WARN_CONSTANT_CONVERSION = YES;
				CLANG_WARN_DIRECT_OBJC_ISA_USAGE = YES_ERROR;
				CLANG_WARN_EMPTY_BODY = YES;
				CLANG_WARN_ENUM_CONVERSION = YES;
				CLANG_WARN_INT_CONVERSION = YES;
				CLANG_WARN_OBJC_ROOT_CLASS = YES_ERROR;
				CLANG_WARN_UNREACHABLE_CODE = YES;
				CLANG_WARN__DUPLICATE_METHOD_MATCH = YES;
				"CODE_SIGN_IDENTITY[sdk=iphoneos*]" = "iPhone Developer";
				COPY_PHASE_STRIP = NO;
				DEBUG_INFORMATION_FORMAT = dwarf;
				ENABLE_STRICT_OBJC_MSGSEND = YES;
				ENABLE_TESTABILITY = YES;
				GCC_C_LANGUAGE_STANDARD = gnu99;
				GCC_DYNAMIC_NO_PIC = NO;
				GCC_NO_COMMON_BLOCKS = YES;
				GCC_OPTIMIZATION_LEVEL = 0;
				GCC_PREPROCESSOR_DEFINITIONS = (
					"DEBUG=1",
					"$(inherited)",
				);
				GCC_WARN_64_TO_32_BIT_CONVERSION = YES;
				GCC_WARN_ABOUT_RETURN_TYPE = YES_ERROR;
				GCC_WARN_UNDECLARED_SELECTOR = YES;
				GCC_WARN_UNINITIALIZED_AUTOS = YES_AGGRESSIVE;
				GCC_WARN_UNUSED_FUNCTION = YES;
				GCC_WARN_UNUSED_VARIABLE = YES;
				IPHONEOS_DEPLOYMENT_TARGET = 9.0;
				MTL_ENABLE_DEBUG_INFO = YES;
				ONLY_ACTIVE_ARCH = YES;
				SDKROOT = iphoneos;
				SWIFT_OPTIMIZATION_LEVEL = "-Onone";
				TARGETED_DEVICE_FAMILY = "1,2";
			};
			name = Debug;
		};
		8F99869D1BB7C4DF005C84D5 /* Release */ = {
			isa = XCBuildConfiguration;
			buildSettings = {
				ALWAYS_SEARCH_USER_PATHS = NO;
				CLANG_CXX_LANGUAGE_STANDARD = "gnu++0x";
				CLANG_CXX_LIBRARY = "libc++";
				CLANG_ENABLE_MODULES = YES;
				CLANG_ENABLE_OBJC_ARC = YES;
				CLANG_WARN_BOOL_CONVERSION = YES;
				CLANG_WARN_CONSTANT_CONVERSION = YES;
				CLANG_WARN_DIRECT_OBJC_ISA_USAGE = YES_ERROR;
				CLANG_WARN_EMPTY_BODY = YES;
				CLANG_WARN_ENUM_CONVERSION = YES;
				CLANG_WARN_INT_CONVERSION = YES;
				CLANG_WARN_OBJC_ROOT_CLASS = YES_ERROR;
				CLANG_WARN_UNREACHABLE_CODE = YES;
				CLANG_WARN__DUPLICATE_METHOD_MATCH = YES;
				"CODE_SIGN_IDENTITY[sdk=iphoneos*]" = "iPhone Developer";
				COPY_PHASE_STRIP = NO;
				DEBUG_INFORMATION_FORMAT = "dwarf-with-dsym";
				ENABLE_NS_ASSERTIONS = NO;
				ENABLE_STRICT_OBJC_MSGSEND = YES;
				GCC_C_LANGUAGE_STANDARD = gnu99;
				GCC_NO_COMMON_BLOCKS = YES;
				GCC_WARN_64_TO_32_BIT_CONVERSION = YES;
				GCC_WARN_ABOUT_RETURN_TYPE = YES_ERROR;
				GCC_WARN_UNDECLARED_SELECTOR = YES;
				GCC_WARN_UNINITIALIZED_AUTOS = YES_AGGRESSIVE;
				GCC_WARN_UNUSED_FUNCTION = YES;
				GCC_WARN_UNUSED_VARIABLE = YES;
				IPHONEOS_DEPLOYMENT_TARGET = 9.0;
				MTL_ENABLE_DEBUG_INFO = NO;
				SDKROOT = iphoneos;
				TARGETED_DEVICE_FAMILY = "1,2";
				VALIDATE_PRODUCT = YES;
			};
			name = Release;
		};
		8F99869F1BB7C4DF005C84D5 /* Debug */ = {
			isa = XCBuildConfiguration;
			buildSettings = {
				ASSETCATALOG_COMPILER_APPICON_NAME = AppIcon;
				INFOPLIST_FILE = "Demo6-UISlider/Info.plist";
				LD_RUNPATH_SEARCH_PATHS = "$(inherited) @executable_path/Frameworks";
				PRODUCT_BUNDLE_IDENTIFIER = "com.prashantmangukiya.ios.Demo6-UISlider";
				PRODUCT_NAME = "$(TARGET_NAME)";
			};
			name = Debug;
		};
		8F9986A01BB7C4DF005C84D5 /* Release */ = {
			isa = XCBuildConfiguration;
			buildSettings = {
				ASSETCATALOG_COMPILER_APPICON_NAME = AppIcon;
				INFOPLIST_FILE = "Demo6-UISlider/Info.plist";
				LD_RUNPATH_SEARCH_PATHS = "$(inherited) @executable_path/Frameworks";
				PRODUCT_BUNDLE_IDENTIFIER = "com.prashantmangukiya.ios.Demo6-UISlider";
				PRODUCT_NAME = "$(TARGET_NAME)";
			};
			name = Release;
		};
/* End XCBuildConfiguration section */

/* Begin XCConfigurationList section */
		8F9986871BB7C4DF005C84D5 /* Build configuration list for PBXProject "Demo6-UISlider" */ = {
			isa = XCConfigurationList;
			buildConfigurations = (
				8F99869C1BB7C4DF005C84D5 /* Debug */,
				8F99869D1BB7C4DF005C84D5 /* Release */,
			);
			defaultConfigurationIsVisible = 0;
			defaultConfigurationName = Release;
		};
		8F99869E1BB7C4DF005C84D5 /* Build configuration list for PBXNativeTarget "Demo6-UISlider" */ = {
			isa = XCConfigurationList;
			buildConfigurations = (
				8F99869F1BB7C4DF005C84D5 /* Debug */,
				8F9986A01BB7C4DF005C84D5 /* Release */,
			);
			defaultConfigurationIsVisible = 0;
		};
/* End XCConfigurationList section */
	};
	rootObject = 8F9986841BB7C4DF005C84D5 /* Project object */;
}
