// !$*UTF8*$!
{
	archiveVersion = 1;
	classes = {
	};
	objectVersion = 46;
	objects = {

/* Begin PBXBuildFile section */
		8F40A3851BC8BA4F00851F49 /* AppDelegate.swift in Sources */ = {isa = PBXBuildFile; fileRef = 8F40A3841BC8BA4F00851F49 /* AppDelegate.swift */; };
		8F40A3871BC8BA4F00851F49 /* ViewController.swift in Sources */ = {isa = PBXBuildFile; fileRef = 8F40A3861BC8BA4F00851F49 /* ViewController.swift */; };
		8F40A38A1BC8BA4F00851F49 /* Main.storyboard in Resources */ = {isa = PBXBuildFile; fileRef = 8F40A3881BC8BA4F00851F49 /* Main.storyboard */; };
		8F40A38C1BC8BA4F00851F49 /* Assets.xcassets in Resources */ = {isa = PBXBuildFile; fileRef = 8F40A38B1BC8BA4F00851F49 /* Assets.xcassets */; };
		8F40A38F1BC8BA4F00851F49 /* LaunchScreen.storyboard in Resources */ = {isa = PBXBuildFile; fileRef = 8F40A38D1BC8BA4F00851F49 /* LaunchScreen.storyboard */; };
/* End PBXBuildFile section */

/* Begin PBXFileReference section */
		8F40A3811BC8BA4F00851F49 /* Demo24-UIToolbar.app */ = {isa = PBXFileReference; explicitFileType = wrapper.application; includeInIndex = 0; path = "Demo24-UIToolbar.app"; sourceTree = BUILT_PRODUCTS_DIR; };
		8F40A3841BC8BA4F00851F49 /* AppDelegate.swift */ = {isa = PBXFileReference; lastKnownFileType = sourcecode.swift; path = AppDelegate.swift; sourceTree = "<group>"; };
		8F40A3861BC8BA4F00851F49 /* ViewController.swift */ = {isa = PBXFileReference; lastKnownFileType = sourcecode.swift; path = ViewController.swift; sourceTree = "<group>"; };
		8F40A3891BC8BA4F00851F49 /* Base */ = {isa = PBXFileReference; lastKnownFileType = file.storyboard; name = Base; path = Base.lproj/Main.storyboard; sourceTree = "<group>"; };
		8F40A38B1BC8BA4F00851F49 /* Assets.xcassets */ = {isa = PBXFileReference; lastKnownFileType = folder.assetcatalog; path = Assets.xcassets; sourceTree = "<group>"; };
		8F40A38E1BC8BA4F00851F49 /* Base */ = {isa = PBXFileReference; lastKnownFileType = file.storyboard; name = Base; path = Base.lproj/LaunchScreen.storyboard; sourceTree = "<group>"; };
		8F40A3901BC8BA4F00851F49 /* Info.plist */ = {isa = PBXFileReference; lastKnownFileType = text.plist.xml; path = Info.plist; sourceTree = "<group>"; };
/* End PBXFileReference section */

/* Begin PBXFrameworksBuildPhase section */
		8F40A37E1BC8BA4F00851F49 /* Frameworks */ = {
			isa = PBXFrameworksBuildPhase;
			buildActionMask = 2147483647;
			files = (
			);
			runOnlyForDeploymentPostprocessing = 0;
		};
/* End PBXFrameworksBuildPhase section */

/* Begin PBXGroup section */
		8F40A3781BC8BA4F00851F49 = {
			isa = PBXGroup;
			children = (
				8F40A3831BC8BA4F00851F49 /* Demo24-UIToolbar */,
				8F40A3821BC8BA4F00851F49 /* Products */,
			);
			sourceTree = "<group>";
		};
		8F40A3821BC8BA4F00851F49 /* Products */ = {
			isa = PBXGroup;
			children = (
				8F40A3811BC8BA4F00851F49 /* Demo24-UIToolbar.app */,
			);
			name = Products;
			sourceTree = "<group>";
		};
		8F40A3831BC8BA4F00851F49 /* Demo24-UIToolbar */ = {
			isa = PBXGroup;
			children = (
				8F40A3841BC8BA4F00851F49 /* AppDelegate.swift */,
				8F40A3861BC8BA4F00851F49 /* ViewController.swift */,
				8F40A3881BC8BA4F00851F49 /* Main.storyboard */,
				8F40A38B1BC8BA4F00851F49 /* Assets.xcassets */,
				8F40A38D1BC8BA4F00851F49 /* LaunchScreen.storyboard */,
				8F40A3901BC8BA4F00851F49 /* Info.plist */,
			);
			path = "Demo24-UIToolbar";
			sourceTree = "<group>";
		};
/* End PBXGroup section */

/* Begin PBXNativeTarget section */
		8F40A3801BC8BA4F00851F49 /* Demo24-UIToolbar */ = {
			isa = PBXNativeTarget;
			buildConfigurationList = 8F40A3931BC8BA4F00851F49 /* Build configuration list for PBXNativeTarget "Demo24-UIToolbar" */;
			buildPhases = (
				8F40A37D1BC8BA4F00851F49 /* Sources */,
				8F40A37E1BC8BA4F00851F49 /* Frameworks */,
				8F40A37F1BC8BA4F00851F49 /* Resources */,
			);
			buildRules = (
			);
			dependencies = (
			);
			name = "Demo24-UIToolbar";
			productName = "Demo24-UIToolbar";
			productReference = 8F40A3811BC8BA4F00851F49 /* Demo24-UIToolbar.app */;
			productType = "com.apple.product-type.application";
		};
/* End PBXNativeTarget section */

/* Begin PBXProject section */
		8F40A3791BC8BA4F00851F49 /* Project object */ = {
			isa = PBXProject;
			attributes = {
				LastUpgradeCheck = 0700;
				ORGANIZATIONNAME = "PrashantKumar Mangukiya";
				TargetAttributes = {
					8F40A3801BC8BA4F00851F49 = {
						CreatedOnToolsVersion = 7.0.1;
					};
				};
			};
			buildConfigurationList = 8F40A37C1BC8BA4F00851F49 /* Build configuration list for PBXProject "Demo24-UIToolbar" */;
			compatibilityVersion = "Xcode 3.2";
			developmentRegion = English;
			hasScannedForEncodings = 0;
			knownRegions = (
				en,
				Base,
			);
			mainGroup = 8F40A3781BC8BA4F00851F49;
			productRefGroup = 8F40A3821BC8BA4F00851F49 /* Products */;
			projectDirPath = "";
			projectRoot = "";
			targets = (
				8F40A3801BC8BA4F00851F49 /* Demo24-UIToolbar */,
			);
		};
/* End PBXProject section */

/* Begin PBXResourcesBuildPhase section */
		8F40A37F1BC8BA4F00851F49 /* Resources */ = {
			isa = PBXResourcesBuildPhase;
			buildActionMask = 2147483647;
			files = (
				8F40A38F1BC8BA4F00851F49 /* LaunchScreen.storyboard in Resources */,
				8F40A38C1BC8BA4F00851F49 /* Assets.xcassets in Resources */,
				8F40A38A1BC8BA4F00851F49 /* Main.storyboard in Resources */,
			);
			runOnlyForDeploymentPostprocessing = 0;
		};
/* End PBXResourcesBuildPhase section */

/* Begin PBXSourcesBuildPhase section */
		8F40A37D1BC8BA4F00851F49 /* Sources */ = {
			isa = PBXSourcesBuildPhase;
			buildActionMask = 2147483647;
			files = (
				8F40A3871BC8BA4F00851F49 /* ViewController.swift in Sources */,
				8F40A3851BC8BA4F00851F49 /* AppDelegate.swift in Sources */,
			);
			runOnlyForDeploymentPostprocessing = 0;
		};
/* End PBXSourcesBuildPhase section */

/* Begin PBXVariantGroup section */
		8F40A3881BC8BA4F00851F49 /* Main.storyboard */ = {
			isa = PBXVariantGroup;
			children = (
				8F40A3891BC8BA4F00851F49 /* Base */,
			);
			name = Main.storyboard;
			sourceTree = "<group>";
		};
		8F40A38D1BC8BA4F00851F49 /* LaunchScreen.storyboard */ = {
			isa = PBXVariantGroup;
			children = (
				8F40A38E1BC8BA4F00851F49 /* Base */,
			);
			name = LaunchScreen.storyboard;
			sourceTree = "<group>";
		};
/* End PBXVariantGroup section */

/* Begin XCBuildConfiguration section */
		8F40A3911BC8BA4F00851F49 /* Debug */ = {
			isa = XCBuildConfiguration;
			buildSettings = {
				ALWAYS_SEARCH_USER_PATHS = NO;
				CLANG_CXX_LANGUAGE_STANDARD = "gnu++0x";
				CLANG_CXX_LIBRARY = "libc++";
				CLANG_ENABLE_MODULES = YES;
				CLANG_ENABLE_OBJC_ARC = YES;
				CLANG_WARN_BOOL_CONVERSION = YES;
				CLANG_WARN_CONSTANT_CONVERSION = YES;
				CLANG_WARN_DIRECT_OBJC_ISA_USAGE = YES_ERROR;
				CLANG_WARN_EMPTY_BODY = YES;
				CLANG_WARN_ENUM_CONVERSION = YES;
				CLANG_WARN_INT_CONVERSION = YES;
				CLANG_WARN_OBJC_ROOT_CLASS = YES_ERROR;
				CLANG_WARN_UNREACHABLE_CODE = YES;
				CLANG_WARN__DUPLICATE_METHOD_MATCH = YES;
				"CODE_SIGN_IDENTITY[sdk=iphoneos*]" = "iPhone Developer";
				COPY_PHASE_STRIP = NO;
				DEBUG_INFORMATION_FORMAT = dwarf;
				ENABLE_STRICT_OBJC_MSGSEND = YES;
				ENABLE_TESTABILITY = YES;
				GCC_C_LANGUAGE_STANDARD = gnu99;
				GCC_DYNAMIC_NO_PIC = NO;
				GCC_NO_COMMON_BLOCKS = YES;
				GCC_OPTIMIZATION_LEVEL = 0;
				GCC_PREPROCESSOR_DEFINITIONS = (
					"DEBUG=1",
					"$(inherited)",
				);
				GCC_WARN_64_TO_32_BIT_CONVERSION = YES;
				GCC_WARN_ABOUT_RETURN_TYPE = YES_ERROR;
				GCC_WARN_UNDECLARED_SELECTOR = YES;
				GCC_WARN_UNINITIALIZED_AUTOS = YES_AGGRESSIVE;
				GCC_WARN_UNUSED_FUNCTION = YES;
				GCC_WARN_UNUSED_VARIABLE = YES;
				IPHONEOS_DEPLOYMENT_TARGET = 9.0;
				MTL_ENABLE_DEBUG_INFO = YES;
				ONLY_ACTIVE_ARCH = YES;
				SDKROOT = iphoneos;
				SWIFT_OPTIMIZATION_LEVEL = "-Onone";
				TARGETED_DEVICE_FAMILY = "1,2";
			};
			name = Debug;
		};
		8F40A3921BC8BA4F00851F49 /* Release */ = {
			isa = XCBuildConfiguration;
			buildSettings = {
				ALWAYS_SEARCH_USER_PATHS = NO;
				CLANG_CXX_LANGUAGE_STANDARD = "gnu++0x";
				CLANG_CXX_LIBRARY = "libc++";
				CLANG_ENABLE_MODULES = YES;
				CLANG_ENABLE_OBJC_ARC = YES;
				CLANG_WARN_BOOL_CONVERSION = YES;
				CLANG_WARN_CONSTANT_CONVERSION = YES;
				CLANG_WARN_DIRECT_OBJC_ISA_USAGE = YES_ERROR;
				CLANG_WARN_EMPTY_BODY = YES;
				CLANG_WARN_ENUM_CONVERSION = YES;
				CLANG_WARN_INT_CONVERSION = YES;
				CLANG_WARN_OBJC_ROOT_CLASS = YES_ERROR;
				CLANG_WARN_UNREACHABLE_CODE = YES;
				CLANG_WARN__DUPLICATE_METHOD_MATCH = YES;
				"CODE_SIGN_IDENTITY[sdk=iphoneos*]" = "iPhone Developer";
				COPY_PHASE_STRIP = NO;
				DEBUG_INFORMATION_FORMAT = "dwarf-with-dsym";
				ENABLE_NS_ASSERTIONS = NO;
				ENABLE_STRICT_OBJC_MSGSEND = YES;
				GCC_C_LANGUAGE_STANDARD = gnu99;
				GCC_NO_COMMON_BLOCKS = YES;
				GCC_WARN_64_TO_32_BIT_CONVERSION = YES;
				GCC_WARN_ABOUT_RETURN_TYPE = YES_ERROR;
				GCC_WARN_UNDECLARED_SELECTOR = YES;
				GCC_WARN_UNINITIALIZED_AUTOS = YES_AGGRESSIVE;
				GCC_WARN_UNUSED_FUNCTION = YES;
				GCC_WARN_UNUSED_VARIABLE = YES;
				IPHONEOS_DEPLOYMENT_TARGET = 9.0;
				MTL_ENABLE_DEBUG_INFO = NO;
				SDKROOT = iphoneos;
				TARGETED_DEVICE_FAMILY = "1,2";
				VALIDATE_PRODUCT = YES;
			};
			name = Release;
		};
		8F40A3941BC8BA4F00851F49 /* Debug */ = {
			isa = XCBuildConfiguration;
			buildSettings = {
				ASSETCATALOG_COMPILER_APPICON_NAME = AppIcon;
				INFOPLIST_FILE = "Demo24-UIToolbar/Info.plist";
				LD_RUNPATH_SEARCH_PATHS = "$(inherited) @executable_path/Frameworks";
				PRODUCT_BUNDLE_IDENTIFIER = "com.prashantmangukiya.ios.Demo24-UIToolbar";
				PRODUCT_NAME = "$(TARGET_NAME)";
				TARGETED_DEVICE_FAMILY = "1,2";
			};
			name = Debug;
		};
		8F40A3951BC8BA4F00851F49 /* Release */ = {
			isa = XCBuildConfiguration;
			buildSettings = {
				ASSETCATALOG_COMPILER_APPICON_NAME = AppIcon;
				INFOPLIST_FILE = "Demo24-UIToolbar/Info.plist";
				LD_RUNPATH_SEARCH_PATHS = "$(inherited) @executable_path/Frameworks";
				PRODUCT_BUNDLE_IDENTIFIER = "com.prashantmangukiya.ios.Demo24-UIToolbar";
				PRODUCT_NAME = "$(TARGET_NAME)";
				TARGETED_DEVICE_FAMILY = "1,2";
			};
			name = Release;
		};
/* End XCBuildConfiguration section */

/* Begin XCConfigurationList section */
		8F40A37C1BC8BA4F00851F49 /* Build configuration list for PBXProject "Demo24-UIToolbar" */ = {
			isa = XCConfigurationList;
			buildConfigurations = (
				8F40A3911BC8BA4F00851F49 /* Debug */,
				8F40A3921BC8BA4F00851F49 /* Release */,
			);
			defaultConfigurationIsVisible = 0;
			defaultConfigurationName = Release;
		};
		8F40A3931BC8BA4F00851F49 /* Build configuration list for PBXNativeTarget "Demo24-UIToolbar" */ = {
			isa = XCConfigurationList;
			buildConfigurations = (
				8F40A3941BC8BA4F00851F49 /* Debug */,
				8F40A3951BC8BA4F00851F49 /* Release */,
			);
			defaultConfigurationIsVisible = 0;
		};
/* End XCConfigurationList section */
	};
	rootObject = 8F40A3791BC8BA4F00851F49 /* Project object */;
}
