// !$*UTF8*$!
{
	archiveVersion = 1;
	classes = {
	};
	objectVersion = 46;
	objects = {

/* Begin PBXBuildFile section */
		8FD3AD931BC629B800F9CD00 /* AppDelegate.swift in Sources */ = {isa = PBXBuildFile; fileRef = 8FD3AD921BC629B800F9CD00 /* AppDelegate.swift */; };
		8FD3AD951BC629B800F9CD00 /* ViewController.swift in Sources */ = {isa = PBXBuildFile; fileRef = 8FD3AD941BC629B800F9CD00 /* ViewController.swift */; };
		8FD3AD981BC629B800F9CD00 /* Main.storyboard in Resources */ = {isa = PBXBuildFile; fileRef = 8FD3AD961BC629B800F9CD00 /* Main.storyboard */; };
		8FD3AD9A1BC629B800F9CD00 /* Assets.xcassets in Resources */ = {isa = PBXBuildFile; fileRef = 8FD3AD991BC629B800F9CD00 /* Assets.xcassets */; };
		8FD3AD9D1BC629B800F9CD00 /* LaunchScreen.storyboard in Resources */ = {isa = PBXBuildFile; fileRef = 8FD3AD9B1BC629B800F9CD00 /* LaunchScreen.storyboard */; };
		8FD3ADA51BC62FB000F9CD00 /* PhotoCollectionViewCell.swift in Sources */ = {isa = PBXBuildFile; fileRef = 8FD3ADA41BC62FB000F9CD00 /* PhotoCollectionViewCell.swift */; settings = {ASSET_TAGS = (); }; };
/* End PBXBuildFile section */

/* Begin PBXFileReference section */
		8FD3AD8F1BC629B800F9CD00 /* Demo23-UICollectionView.app */ = {isa = PBXFileReference; explicitFileType = wrapper.application; includeInIndex = 0; path = "Demo23-UICollectionView.app"; sourceTree = BUILT_PRODUCTS_DIR; };
		8FD3AD921BC629B800F9CD00 /* AppDelegate.swift */ = {isa = PBXFileReference; lastKnownFileType = sourcecode.swift; path = AppDelegate.swift; sourceTree = "<group>"; };
		8FD3AD941BC629B800F9CD00 /* ViewController.swift */ = {isa = PBXFileReference; lastKnownFileType = sourcecode.swift; path = ViewController.swift; sourceTree = "<group>"; };
		8FD3AD971BC629B800F9CD00 /* Base */ = {isa = PBXFileReference; lastKnownFileType = file.storyboard; name = Base; path = Base.lproj/Main.storyboard; sourceTree = "<group>"; };
		8FD3AD991BC629B800F9CD00 /* Assets.xcassets */ = {isa = PBXFileReference; lastKnownFileType = folder.assetcatalog; path = Assets.xcassets; sourceTree = "<group>"; };
		8FD3AD9C1BC629B800F9CD00 /* Base */ = {isa = PBXFileReference; lastKnownFileType = file.storyboard; name = Base; path = Base.lproj/LaunchScreen.storyboard; sourceTree = "<group>"; };
		8FD3AD9E1BC629B800F9CD00 /* Info.plist */ = {isa = PBXFileReference; lastKnownFileType = text.plist.xml; path = Info.plist; sourceTree = "<group>"; };
		8FD3ADA41BC62FB000F9CD00 /* PhotoCollectionViewCell.swift */ = {isa = PBXFileReference; fileEncoding = 4; lastKnownFileType = sourcecode.swift; path = PhotoCollectionViewCell.swift; sourceTree = "<group>"; };
/* End PBXFileReference section */

/* Begin PBXFrameworksBuildPhase section */
		8FD3AD8C1BC629B800F9CD00 /* Frameworks */ = {
			isa = PBXFrameworksBuildPhase;
			buildActionMask = 2147483647;
			files = (
			);
			runOnlyForDeploymentPostprocessing = 0;
		};
/* End PBXFrameworksBuildPhase section */

/* Begin PBXGroup section */
		8FD3AD861BC629B800F9CD00 = {
			isa = PBXGroup;
			children = (
				8FD3AD911BC629B800F9CD00 /* Demo23-UICollectionView */,
				8FD3AD901BC629B800F9CD00 /* Products */,
			);
			sourceTree = "<group>";
		};
		8FD3AD901BC629B800F9CD00 /* Products */ = {
			isa = PBXGroup;
			children = (
				8FD3AD8F1BC629B800F9CD00 /* Demo23-UICollectionView.app */,
			);
			name = Products;
			sourceTree = "<group>";
		};
		8FD3AD911BC629B800F9CD00 /* Demo23-UICollectionView */ = {
			isa = PBXGroup;
			children = (
				8FD3AD921BC629B800F9CD00 /* AppDelegate.swift */,
				8FD3AD941BC629B800F9CD00 /* ViewController.swift */,
				8FD3ADA41BC62FB000F9CD00 /* PhotoCollectionViewCell.swift */,
				8FD3AD961BC629B800F9CD00 /* Main.storyboard */,
				8FD3AD991BC629B800F9CD00 /* Assets.xcassets */,
				8FD3AD9B1BC629B800F9CD00 /* LaunchScreen.storyboard */,
				8FD3AD9E1BC629B800F9CD00 /* Info.plist */,
			);
			path = "Demo23-UICollectionView";
			sourceTree = "<group>";
		};
/* End PBXGroup section */

/* Begin PBXNativeTarget section */
		8FD3AD8E1BC629B800F9CD00 /* Demo23-UICollectionView */ = {
			isa = PBXNativeTarget;
			buildConfigurationList = 8FD3ADA11BC629B800F9CD00 /* Build configuration list for PBXNativeTarget "Demo23-UICollectionView" */;
			buildPhases = (
				8FD3AD8B1BC629B800F9CD00 /* Sources */,
				8FD3AD8C1BC629B800F9CD00 /* Frameworks */,
				8FD3AD8D1BC629B800F9CD00 /* Resources */,
			);
			buildRules = (
			);
			dependencies = (
			);
			name = "Demo23-UICollectionView";
			productName = "Demo23-UICollectionView";
			productReference = 8FD3AD8F1BC629B800F9CD00 /* Demo23-UICollectionView.app */;
			productType = "com.apple.product-type.application";
		};
/* End PBXNativeTarget section */

/* Begin PBXProject section */
		8FD3AD871BC629B800F9CD00 /* Project object */ = {
			isa = PBXProject;
			attributes = {
				LastUpgradeCheck = 0700;
				ORGANIZATIONNAME = "PrashantKumar Mangukiya";
				TargetAttributes = {
					8FD3AD8E1BC629B800F9CD00 = {
						CreatedOnToolsVersion = 7.0.1;
					};
				};
			};
			buildConfigurationList = 8FD3AD8A1BC629B800F9CD00 /* Build configuration list for PBXProject "Demo23-UICollectionView" */;
			compatibilityVersion = "Xcode 3.2";
			developmentRegion = English;
			hasScannedForEncodings = 0;
			knownRegions = (
				en,
				Base,
			);
			mainGroup = 8FD3AD861BC629B800F9CD00;
			productRefGroup = 8FD3AD901BC629B800F9CD00 /* Products */;
			projectDirPath = "";
			projectRoot = "";
			targets = (
				8FD3AD8E1BC629B800F9CD00 /* Demo23-UICollectionView */,
			);
		};
/* End PBXProject section */

/* Begin PBXResourcesBuildPhase section */
		8FD3AD8D1BC629B800F9CD00 /* Resources */ = {
			isa = PBXResourcesBuildPhase;
			buildActionMask = 2147483647;
			files = (
				8FD3AD9D1BC629B800F9CD00 /* LaunchScreen.storyboard in Resources */,
				8FD3AD9A1BC629B800F9CD00 /* Assets.xcassets in Resources */,
				8FD3AD981BC629B800F9CD00 /* Main.storyboard in Resources */,
			);
			runOnlyForDeploymentPostprocessing = 0;
		};
/* End PBXResourcesBuildPhase section */

/* Begin PBXSourcesBuildPhase section */
		8FD3AD8B1BC629B800F9CD00 /* Sources */ = {
			isa = PBXSourcesBuildPhase;
			buildActionMask = 2147483647;
			files = (
				8FD3AD951BC629B800F9CD00 /* ViewController.swift in Sources */,
				8FD3AD931BC629B800F9CD00 /* AppDelegate.swift in Sources */,
				8FD3ADA51BC62FB000F9CD00 /* PhotoCollectionViewCell.swift in Sources */,
			);
			runOnlyForDeploymentPostprocessing = 0;
		};
/* End PBXSourcesBuildPhase section */

/* Begin PBXVariantGroup section */
		8FD3AD961BC629B800F9CD00 /* Main.storyboard */ = {
			isa = PBXVariantGroup;
			children = (
				8FD3AD971BC629B800F9CD00 /* Base */,
			);
			name = Main.storyboard;
			sourceTree = "<group>";
		};
		8FD3AD9B1BC629B800F9CD00 /* LaunchScreen.storyboard */ = {
			isa = PBXVariantGroup;
			children = (
				8FD3AD9C1BC629B800F9CD00 /* Base */,
			);
			name = LaunchScreen.storyboard;
			sourceTree = "<group>";
		};
/* End PBXVariantGroup section */

/* Begin XCBuildConfiguration section */
		8FD3AD9F1BC629B800F9CD00 /* Debug */ = {
			isa = XCBuildConfiguration;
			buildSettings = {
				ALWAYS_SEARCH_USER_PATHS = NO;
				CLANG_CXX_LANGUAGE_STANDARD = "gnu++0x";
				CLANG_CXX_LIBRARY = "libc++";
				CLANG_ENABLE_MODULES = YES;
				CLANG_ENABLE_OBJC_ARC = YES;
				CLANG_WARN_BOOL_CONVERSION = YES;
				CLANG_WARN_CONSTANT_CONVERSION = YES;
				CLANG_WARN_DIRECT_OBJC_ISA_USAGE = YES_ERROR;
				CLANG_WARN_EMPTY_BODY = YES;
				CLANG_WARN_ENUM_CONVERSION = YES;
				CLANG_WARN_INT_CONVERSION = YES;
				CLANG_WARN_OBJC_ROOT_CLASS = YES_ERROR;
				CLANG_WARN_UNREACHABLE_CODE = YES;
				CLANG_WARN__DUPLICATE_METHOD_MATCH = YES;
				"CODE_SIGN_IDENTITY[sdk=iphoneos*]" = "iPhone Developer";
				COPY_PHASE_STRIP = NO;
				DEBUG_INFORMATION_FORMAT = dwarf;
				ENABLE_STRICT_OBJC_MSGSEND = YES;
				ENABLE_TESTABILITY = YES;
				GCC_C_LANGUAGE_STANDARD = gnu99;
				GCC_DYNAMIC_NO_PIC = NO;
				GCC_NO_COMMON_BLOCKS = YES;
				GCC_OPTIMIZATION_LEVEL = 0;
				GCC_PREPROCESSOR_DEFINITIONS = (
					"DEBUG=1",
					"$(inherited)",
				);
				GCC_WARN_64_TO_32_BIT_CONVERSION = YES;
				GCC_WARN_ABOUT_RETURN_TYPE = YES_ERROR;
				GCC_WARN_UNDECLARED_SELECTOR = YES;
				GCC_WARN_UNINITIALIZED_AUTOS = YES_AGGRESSIVE;
				GCC_WARN_UNUSED_FUNCTION = YES;
				GCC_WARN_UNUSED_VARIABLE = YES;
				IPHONEOS_DEPLOYMENT_TARGET = 9.0;
				MTL_ENABLE_DEBUG_INFO = YES;
				ONLY_ACTIVE_ARCH = YES;
				SDKROOT = iphoneos;
				SWIFT_OPTIMIZATION_LEVEL = "-Onone";
				TARGETED_DEVICE_FAMILY = "1,2";
			};
			name = Debug;
		};
		8FD3ADA01BC629B800F9CD00 /* Release */ = {
			isa = XCBuildConfiguration;
			buildSettings = {
				ALWAYS_SEARCH_USER_PATHS = NO;
				CLANG_CXX_LANGUAGE_STANDARD = "gnu++0x";
				CLANG_CXX_LIBRARY = "libc++";
				CLANG_ENABLE_MODULES = YES;
				CLANG_ENABLE_OBJC_ARC = YES;
				CLANG_WARN_BOOL_CONVERSION = YES;
				CLANG_WARN_CONSTANT_CONVERSION = YES;
				CLANG_WARN_DIRECT_OBJC_ISA_USAGE = YES_ERROR;
				CLANG_WARN_EMPTY_BODY = YES;
				CLANG_WARN_ENUM_CONVERSION = YES;
				CLANG_WARN_INT_CONVERSION = YES;
				CLANG_WARN_OBJC_ROOT_CLASS = YES_ERROR;
				CLANG_WARN_UNREACHABLE_CODE = YES;
				CLANG_WARN__DUPLICATE_METHOD_MATCH = YES;
				"CODE_SIGN_IDENTITY[sdk=iphoneos*]" = "iPhone Developer";
				COPY_PHASE_STRIP = NO;
				DEBUG_INFORMATION_FORMAT = "dwarf-with-dsym";
				ENABLE_NS_ASSERTIONS = NO;
				ENABLE_STRICT_OBJC_MSGSEND = YES;
				GCC_C_LANGUAGE_STANDARD = gnu99;
				GCC_NO_COMMON_BLOCKS = YES;
				GCC_WARN_64_TO_32_BIT_CONVERSION = YES;
				GCC_WARN_ABOUT_RETURN_TYPE = YES_ERROR;
				GCC_WARN_UNDECLARED_SELECTOR = YES;
				GCC_WARN_UNINITIALIZED_AUTOS = YES_AGGRESSIVE;
				GCC_WARN_UNUSED_FUNCTION = YES;
				GCC_WARN_UNUSED_VARIABLE = YES;
				IPHONEOS_DEPLOYMENT_TARGET = 9.0;
				MTL_ENABLE_DEBUG_INFO = NO;
				SDKROOT = iphoneos;
				TARGETED_DEVICE_FAMILY = "1,2";
				VALIDATE_PRODUCT = YES;
			};
			name = Release;
		};
		8FD3ADA21BC629B800F9CD00 /* Debug */ = {
			isa = XCBuildConfiguration;
			buildSettings = {
				ASSETCATALOG_COMPILER_APPICON_NAME = AppIcon;
				INFOPLIST_FILE = "Demo23-UICollectionView/Info.plist";
				LD_RUNPATH_SEARCH_PATHS = "$(inherited) @executable_path/Frameworks";
				PRODUCT_BUNDLE_IDENTIFIER = "com.prashantmangukiya.ios.Demo23-UICollectionView";
				PRODUCT_NAME = "$(TARGET_NAME)";
			};
			name = Debug;
		};
		8FD3ADA31BC629B800F9CD00 /* Release */ = {
			isa = XCBuildConfiguration;
			buildSettings = {
				ASSETCATALOG_COMPILER_APPICON_NAME = AppIcon;
				INFOPLIST_FILE = "Demo23-UICollectionView/Info.plist";
				LD_RUNPATH_SEARCH_PATHS = "$(inherited) @executable_path/Frameworks";
				PRODUCT_BUNDLE_IDENTIFIER = "com.prashantmangukiya.ios.Demo23-UICollectionView";
				PRODUCT_NAME = "$(TARGET_NAME)";
			};
			name = Release;
		};
/* End XCBuildConfiguration section */

/* Begin XCConfigurationList section */
		8FD3AD8A1BC629B800F9CD00 /* Build configuration list for PBXProject "Demo23-UICollectionView" */ = {
			isa = XCConfigurationList;
			buildConfigurations = (
				8FD3AD9F1BC629B800F9CD00 /* Debug */,
				8FD3ADA01BC629B800F9CD00 /* Release */,
			);
			defaultConfigurationIsVisible = 0;
			defaultConfigurationName = Release;
		};
		8FD3ADA11BC629B800F9CD00 /* Build configuration list for PBXNativeTarget "Demo23-UICollectionView" */ = {
			isa = XCConfigurationList;
			buildConfigurations = (
				8FD3ADA21BC629B800F9CD00 /* Debug */,
				8FD3ADA31BC629B800F9CD00 /* Release */,
			);
			defaultConfigurationIsVisible = 0;
		};
/* End XCConfigurationList section */
	};
	rootObject = 8FD3AD871BC629B800F9CD00 /* Project object */;
}
