// !$*UTF8*$!
{
	archiveVersion = 1;
	classes = {
	};
	objectVersion = 46;
	objects = {

/* Begin PBXBuildFile section */
		8F1DCCF41BD15A0A0076B509 /* AppDelegate.swift in Sources */ = {isa = PBXBuildFile; fileRef = 8F1DCCF31BD15A0A0076B509 /* AppDelegate.swift */; };
		8F1DCCF61BD15A0A0076B509 /* ViewController.swift in Sources */ = {isa = PBXBuildFile; fileRef = 8F1DCCF51BD15A0A0076B509 /* ViewController.swift */; };
		8F1DCCF91BD15A0B0076B509 /* Main.storyboard in Resources */ = {isa = PBXBuildFile; fileRef = 8F1DCCF71BD15A0B0076B509 /* Main.storyboard */; };
		8F1DCCFB1BD15A0B0076B509 /* Assets.xcassets in Resources */ = {isa = PBXBuildFile; fileRef = 8F1DCCFA1BD15A0B0076B509 /* Assets.xcassets */; };
		8F1DCCFE1BD15A0B0076B509 /* LaunchScreen.storyboard in Resources */ = {isa = PBXBuildFile; fileRef = 8F1DCCFC1BD15A0B0076B509 /* LaunchScreen.storyboard */; };
		8F1DCD061BD15E6F0076B509 /* MyCustomView.swift in Sources */ = {isa = PBXBuildFile; fileRef = 8F1DCD051BD15E6F0076B509 /* MyCustomView.swift */; settings = {ASSET_TAGS = (); }; };
/* End PBXBuildFile section */

/* Begin PBXFileReference section */
		8F1DCCF01BD15A0A0076B509 /* Demo34-UILongPressGesture.app */ = {isa = PBXFileReference; explicitFileType = wrapper.application; includeInIndex = 0; path = "Demo34-UILongPressGesture.app"; sourceTree = BUILT_PRODUCTS_DIR; };
		8F1DCCF31BD15A0A0076B509 /* AppDelegate.swift */ = {isa = PBXFileReference; lastKnownFileType = sourcecode.swift; path = AppDelegate.swift; sourceTree = "<group>"; };
		8F1DCCF51BD15A0A0076B509 /* ViewController.swift */ = {isa = PBXFileReference; lastKnownFileType = sourcecode.swift; path = ViewController.swift; sourceTree = "<group>"; };
		8F1DCCF81BD15A0B0076B509 /* Base */ = {isa = PBXFileReference; lastKnownFileType = file.storyboard; name = Base; path = Base.lproj/Main.storyboard; sourceTree = "<group>"; };
		8F1DCCFA1BD15A0B0076B509 /* Assets.xcassets */ = {isa = PBXFileReference; lastKnownFileType = folder.assetcatalog; path = Assets.xcassets; sourceTree = "<group>"; };
		8F1DCCFD1BD15A0B0076B509 /* Base */ = {isa = PBXFileReference; lastKnownFileType = file.storyboard; name = Base; path = Base.lproj/LaunchScreen.storyboard; sourceTree = "<group>"; };
		8F1DCCFF1BD15A0B0076B509 /* Info.plist */ = {isa = PBXFileReference; lastKnownFileType = text.plist.xml; path = Info.plist; sourceTree = "<group>"; };
		8F1DCD051BD15E6F0076B509 /* MyCustomView.swift */ = {isa = PBXFileReference; fileEncoding = 4; lastKnownFileType = sourcecode.swift; path = MyCustomView.swift; sourceTree = "<group>"; };
/* End PBXFileReference section */

/* Begin PBXFrameworksBuildPhase section */
		8F1DCCED1BD15A0A0076B509 /* Frameworks */ = {
			isa = PBXFrameworksBuildPhase;
			buildActionMask = 2147483647;
			files = (
			);
			runOnlyForDeploymentPostprocessing = 0;
		};
/* End PBXFrameworksBuildPhase section */

/* Begin PBXGroup section */
		8F1DCCE71BD15A0A0076B509 = {
			isa = PBXGroup;
			children = (
				8F1DCCF21BD15A0A0076B509 /* Demo34-UILongPressGesture */,
				8F1DCCF11BD15A0A0076B509 /* Products */,
			);
			sourceTree = "<group>";
		};
		8F1DCCF11BD15A0A0076B509 /* Products */ = {
			isa = PBXGroup;
			children = (
				8F1DCCF01BD15A0A0076B509 /* Demo34-UILongPressGesture.app */,
			);
			name = Products;
			sourceTree = "<group>";
		};
		8F1DCCF21BD15A0A0076B509 /* Demo34-UILongPressGesture */ = {
			isa = PBXGroup;
			children = (
				8F1DCCF31BD15A0A0076B509 /* AppDelegate.swift */,
				8F1DCD051BD15E6F0076B509 /* MyCustomView.swift */,
				8F1DCCF51BD15A0A0076B509 /* ViewController.swift */,
				8F1DCCF71BD15A0B0076B509 /* Main.storyboard */,
				8F1DCCFA1BD15A0B0076B509 /* Assets.xcassets */,
				8F1DCCFC1BD15A0B0076B509 /* LaunchScreen.storyboard */,
				8F1DCCFF1BD15A0B0076B509 /* Info.plist */,
			);
			path = "Demo34-UILongPressGesture";
			sourceTree = "<group>";
		};
/* End PBXGroup section */

/* Begin PBXNativeTarget section */
		8F1DCCEF1BD15A0A0076B509 /* Demo34-UILongPressGesture */ = {
			isa = PBXNativeTarget;
			buildConfigurationList = 8F1DCD021BD15A0B0076B509 /* Build configuration list for PBXNativeTarget "Demo34-UILongPressGesture" */;
			buildPhases = (
				8F1DCCEC1BD15A0A0076B509 /* Sources */,
				8F1DCCED1BD15A0A0076B509 /* Frameworks */,
				8F1DCCEE1BD15A0A0076B509 /* Resources */,
			);
			buildRules = (
			);
			dependencies = (
			);
			name = "Demo34-UILongPressGesture";
			productName = "Demo34-UILongPressGesture";
			productReference = 8F1DCCF01BD15A0A0076B509 /* Demo34-UILongPressGesture.app */;
			productType = "com.apple.product-type.application";
		};
/* End PBXNativeTarget section */

/* Begin PBXProject section */
		8F1DCCE81BD15A0A0076B509 /* Project object */ = {
			isa = PBXProject;
			attributes = {
				LastUpgradeCheck = 0700;
				ORGANIZATIONNAME = "PrashantKumar Mangukiya";
				TargetAttributes = {
					8F1DCCEF1BD15A0A0076B509 = {
						CreatedOnToolsVersion = 7.0.1;
					};
				};
			};
			buildConfigurationList = 8F1DCCEB1BD15A0A0076B509 /* Build configuration list for PBXProject "Demo34-UILongPressGesture" */;
			compatibilityVersion = "Xcode 3.2";
			developmentRegion = English;
			hasScannedForEncodings = 0;
			knownRegions = (
				en,
				Base,
			);
			mainGroup = 8F1DCCE71BD15A0A0076B509;
			productRefGroup = 8F1DCCF11BD15A0A0076B509 /* Products */;
			projectDirPath = "";
			projectRoot = "";
			targets = (
				8F1DCCEF1BD15A0A0076B509 /* Demo34-UILongPressGesture */,
			);
		};
/* End PBXProject section */

/* Begin PBXResourcesBuildPhase section */
		8F1DCCEE1BD15A0A0076B509 /* Resources */ = {
			isa = PBXResourcesBuildPhase;
			buildActionMask = 2147483647;
			files = (
				8F1DCCFE1BD15A0B0076B509 /* LaunchScreen.storyboard in Resources */,
				8F1DCCFB1BD15A0B0076B509 /* Assets.xcassets in Resources */,
				8F1DCCF91BD15A0B0076B509 /* Main.storyboard in Resources */,
			);
			runOnlyForDeploymentPostprocessing = 0;
		};
/* End PBXResourcesBuildPhase section */

/* Begin PBXSourcesBuildPhase section */
		8F1DCCEC1BD15A0A0076B509 /* Sources */ = {
			isa = PBXSourcesBuildPhase;
			buildActionMask = 2147483647;
			files = (
				8F1DCCF61BD15A0A0076B509 /* ViewController.swift in Sources */,
				8F1DCD061BD15E6F0076B509 /* MyCustomView.swift in Sources */,
				8F1DCCF41BD15A0A0076B509 /* AppDelegate.swift in Sources */,
			);
			runOnlyForDeploymentPostprocessing = 0;
		};
/* End PBXSourcesBuildPhase section */

/* Begin PBXVariantGroup section */
		8F1DCCF71BD15A0B0076B509 /* Main.storyboard */ = {
			isa = PBXVariantGroup;
			children = (
				8F1DCCF81BD15A0B0076B509 /* Base */,
			);
			name = Main.storyboard;
			sourceTree = "<group>";
		};
		8F1DCCFC1BD15A0B0076B509 /* LaunchScreen.storyboard */ = {
			isa = PBXVariantGroup;
			children = (
				8F1DCCFD1BD15A0B0076B509 /* Base */,
			);
			name = LaunchScreen.storyboard;
			sourceTree = "<group>";
		};
/* End PBXVariantGroup section */

/* Begin XCBuildConfiguration section */
		8F1DCD001BD15A0B0076B509 /* Debug */ = {
			isa = XCBuildConfiguration;
			buildSettings = {
				ALWAYS_SEARCH_USER_PATHS = NO;
				CLANG_CXX_LANGUAGE_STANDARD = "gnu++0x";
				CLANG_CXX_LIBRARY = "libc++";
				CLANG_ENABLE_MODULES = YES;
				CLANG_ENABLE_OBJC_ARC = YES;
				CLANG_WARN_BOOL_CONVERSION = YES;
				CLANG_WARN_CONSTANT_CONVERSION = YES;
				CLANG_WARN_DIRECT_OBJC_ISA_USAGE = YES_ERROR;
				CLANG_WARN_EMPTY_BODY = YES;
				CLANG_WARN_ENUM_CONVERSION = YES;
				CLANG_WARN_INT_CONVERSION = YES;
				CLANG_WARN_OBJC_ROOT_CLASS = YES_ERROR;
				CLANG_WARN_UNREACHABLE_CODE = YES;
				CLANG_WARN__DUPLICATE_METHOD_MATCH = YES;
				"CODE_SIGN_IDENTITY[sdk=iphoneos*]" = "iPhone Developer";
				COPY_PHASE_STRIP = NO;
				DEBUG_INFORMATION_FORMAT = dwarf;
				ENABLE_STRICT_OBJC_MSGSEND = YES;
				ENABLE_TESTABILITY = YES;
				GCC_C_LANGUAGE_STANDARD = gnu99;
				GCC_DYNAMIC_NO_PIC = NO;
				GCC_NO_COMMON_BLOCKS = YES;
				GCC_OPTIMIZATION_LEVEL = 0;
				GCC_PREPROCESSOR_DEFINITIONS = (
					"DEBUG=1",
					"$(inherited)",
				);
				GCC_WARN_64_TO_32_BIT_CONVERSION = YES;
				GCC_WARN_ABOUT_RETURN_TYPE = YES_ERROR;
				GCC_WARN_UNDECLARED_SELECTOR = YES;
				GCC_WARN_UNINITIALIZED_AUTOS = YES_AGGRESSIVE;
				GCC_WARN_UNUSED_FUNCTION = YES;
				GCC_WARN_UNUSED_VARIABLE = YES;
				IPHONEOS_DEPLOYMENT_TARGET = 9.0;
				MTL_ENABLE_DEBUG_INFO = YES;
				ONLY_ACTIVE_ARCH = YES;
				SDKROOT = iphoneos;
				SWIFT_OPTIMIZATION_LEVEL = "-Onone";
				TARGETED_DEVICE_FAMILY = "1,2";
			};
			name = Debug;
		};
		8F1DCD011BD15A0B0076B509 /* Release */ = {
			isa = XCBuildConfiguration;
			buildSettings = {
				ALWAYS_SEARCH_USER_PATHS = NO;
				CLANG_CXX_LANGUAGE_STANDARD = "gnu++0x";
				CLANG_CXX_LIBRARY = "libc++";
				CLANG_ENABLE_MODULES = YES;
				CLANG_ENABLE_OBJC_ARC = YES;
				CLANG_WARN_BOOL_CONVERSION = YES;
				CLANG_WARN_CONSTANT_CONVERSION = YES;
				CLANG_WARN_DIRECT_OBJC_ISA_USAGE = YES_ERROR;
				CLANG_WARN_EMPTY_BODY = YES;
				CLANG_WARN_ENUM_CONVERSION = YES;
				CLANG_WARN_INT_CONVERSION = YES;
				CLANG_WARN_OBJC_ROOT_CLASS = YES_ERROR;
				CLANG_WARN_UNREACHABLE_CODE = YES;
				CLANG_WARN__DUPLICATE_METHOD_MATCH = YES;
				"CODE_SIGN_IDENTITY[sdk=iphoneos*]" = "iPhone Developer";
				COPY_PHASE_STRIP = NO;
				DEBUG_INFORMATION_FORMAT = "dwarf-with-dsym";
				ENABLE_NS_ASSERTIONS = NO;
				ENABLE_STRICT_OBJC_MSGSEND = YES;
				GCC_C_LANGUAGE_STANDARD = gnu99;
				GCC_NO_COMMON_BLOCKS = YES;
				GCC_WARN_64_TO_32_BIT_CONVERSION = YES;
				GCC_WARN_ABOUT_RETURN_TYPE = YES_ERROR;
				GCC_WARN_UNDECLARED_SELECTOR = YES;
				GCC_WARN_UNINITIALIZED_AUTOS = YES_AGGRESSIVE;
				GCC_WARN_UNUSED_FUNCTION = YES;
				GCC_WARN_UNUSED_VARIABLE = YES;
				IPHONEOS_DEPLOYMENT_TARGET = 9.0;
				MTL_ENABLE_DEBUG_INFO = NO;
				SDKROOT = iphoneos;
				TARGETED_DEVICE_FAMILY = "1,2";
				VALIDATE_PRODUCT = YES;
			};
			name = Release;
		};
		8F1DCD031BD15A0B0076B509 /* Debug */ = {
			isa = XCBuildConfiguration;
			buildSettings = {
				ASSETCATALOG_COMPILER_APPICON_NAME = AppIcon;
				INFOPLIST_FILE = "Demo34-UILongPressGesture/Info.plist";
				LD_RUNPATH_SEARCH_PATHS = "$(inherited) @executable_path/Frameworks";
				PRODUCT_BUNDLE_IDENTIFIER = "com.prashantmangukiya.ios.Demo34-UILongPressGesture";
				PRODUCT_NAME = "$(TARGET_NAME)";
			};
			name = Debug;
		};
		8F1DCD041BD15A0B0076B509 /* Release */ = {
			isa = XCBuildConfiguration;
			buildSettings = {
				ASSETCATALOG_COMPILER_APPICON_NAME = AppIcon;
				INFOPLIST_FILE = "Demo34-UILongPressGesture/Info.plist";
				LD_RUNPATH_SEARCH_PATHS = "$(inherited) @executable_path/Frameworks";
				PRODUCT_BUNDLE_IDENTIFIER = "com.prashantmangukiya.ios.Demo34-UILongPressGesture";
				PRODUCT_NAME = "$(TARGET_NAME)";
			};
			name = Release;
		};
/* End XCBuildConfiguration section */

/* Begin XCConfigurationList section */
		8F1DCCEB1BD15A0A0076B509 /* Build configuration list for PBXProject "Demo34-UILongPressGesture" */ = {
			isa = XCConfigurationList;
			buildConfigurations = (
				8F1DCD001BD15A0B0076B509 /* Debug */,
				8F1DCD011BD15A0B0076B509 /* Release */,
			);
			defaultConfigurationIsVisible = 0;
			defaultConfigurationName = Release;
		};
		8F1DCD021BD15A0B0076B509 /* Build configuration list for PBXNativeTarget "Demo34-UILongPressGesture" */ = {
			isa = XCConfigurationList;
			buildConfigurations = (
				8F1DCD031BD15A0B0076B509 /* Debug */,
				8F1DCD041BD15A0B0076B509 /* Release */,
			);
			defaultConfigurationIsVisible = 0;
		};
/* End XCConfigurationList section */
	};
	rootObject = 8F1DCCE81BD15A0A0076B509 /* Project object */;
}
