// !$*UTF8*$!
{
	archiveVersion = 1;
	classes = {
	};
	objectVersion = 46;
	objects = {

/* Begin PBXBuildFile section */
		8F074FF91BBC0B0800A3853B /* AppDelegate.swift in Sources */ = {isa = PBXBuildFile; fileRef = 8F074FF81BBC0B0800A3853B /* AppDelegate.swift */; };
		8F074FFB1BBC0B0800A3853B /* ViewController.swift in Sources */ = {isa = PBXBuildFile; fileRef = 8F074FFA1BBC0B0800A3853B /* ViewController.swift */; };
		8F074FFE1BBC0B0800A3853B /* Main.storyboard in Resources */ = {isa = PBXBuildFile; fileRef = 8F074FFC1BBC0B0800A3853B /* Main.storyboard */; };
		8F0750001BBC0B0800A3853B /* Assets.xcassets in Resources */ = {isa = PBXBuildFile; fileRef = 8F074FFF1BBC0B0800A3853B /* Assets.xcassets */; };
		8F0750031BBC0B0800A3853B /* LaunchScreen.storyboard in Resources */ = {isa = PBXBuildFile; fileRef = 8F0750011BBC0B0800A3853B /* LaunchScreen.storyboard */; };
/* End PBXBuildFile section */

/* Begin PBXFileReference section */
		8F074FF51BBC0B0800A3853B /* Demo15-UIView.app */ = {isa = PBXFileReference; explicitFileType = wrapper.application; includeInIndex = 0; path = "Demo15-UIView.app"; sourceTree = BUILT_PRODUCTS_DIR; };
		8F074FF81BBC0B0800A3853B /* AppDelegate.swift */ = {isa = PBXFileReference; lastKnownFileType = sourcecode.swift; path = AppDelegate.swift; sourceTree = "<group>"; };
		8F074FFA1BBC0B0800A3853B /* ViewController.swift */ = {isa = PBXFileReference; lastKnownFileType = sourcecode.swift; path = ViewController.swift; sourceTree = "<group>"; };
		8F074FFD1BBC0B0800A3853B /* Base */ = {isa = PBXFileReference; lastKnownFileType = file.storyboard; name = Base; path = Base.lproj/Main.storyboard; sourceTree = "<group>"; };
		8F074FFF1BBC0B0800A3853B /* Assets.xcassets */ = {isa = PBXFileReference; lastKnownFileType = folder.assetcatalog; path = Assets.xcassets; sourceTree = "<group>"; };
		8F0750021BBC0B0800A3853B /* Base */ = {isa = PBXFileReference; lastKnownFileType = file.storyboard; name = Base; path = Base.lproj/LaunchScreen.storyboard; sourceTree = "<group>"; };
		8F0750041BBC0B0800A3853B /* Info.plist */ = {isa = PBXFileReference; lastKnownFileType = text.plist.xml; path = Info.plist; sourceTree = "<group>"; };
/* End PBXFileReference section */

/* Begin PBXFrameworksBuildPhase section */
		8F074FF21BBC0B0800A3853B /* Frameworks */ = {
			isa = PBXFrameworksBuildPhase;
			buildActionMask = 2147483647;
			files = (
			);
			runOnlyForDeploymentPostprocessing = 0;
		};
/* End PBXFrameworksBuildPhase section */

/* Begin PBXGroup section */
		8F074FEC1BBC0B0800A3853B = {
			isa = PBXGroup;
			children = (
				8F074FF71BBC0B0800A3853B /* Demo15-UIView */,
				8F074FF61BBC0B0800A3853B /* Products */,
			);
			sourceTree = "<group>";
		};
		8F074FF61BBC0B0800A3853B /* Products */ = {
			isa = PBXGroup;
			children = (
				8F074FF51BBC0B0800A3853B /* Demo15-UIView.app */,
			);
			name = Products;
			sourceTree = "<group>";
		};
		8F074FF71BBC0B0800A3853B /* Demo15-UIView */ = {
			isa = PBXGroup;
			children = (
				8F074FF81BBC0B0800A3853B /* AppDelegate.swift */,
				8F074FFA1BBC0B0800A3853B /* ViewController.swift */,
				8F074FFC1BBC0B0800A3853B /* Main.storyboard */,
				8F074FFF1BBC0B0800A3853B /* Assets.xcassets */,
				8F0750011BBC0B0800A3853B /* LaunchScreen.storyboard */,
				8F0750041BBC0B0800A3853B /* Info.plist */,
			);
			path = "Demo15-UIView";
			sourceTree = "<group>";
		};
/* End PBXGroup section */

/* Begin PBXNativeTarget section */
		8F074FF41BBC0B0800A3853B /* Demo15-UIView */ = {
			isa = PBXNativeTarget;
			buildConfigurationList = 8F0750071BBC0B0800A3853B /* Build configuration list for PBXNativeTarget "Demo15-UIView" */;
			buildPhases = (
				8F074FF11BBC0B0800A3853B /* Sources */,
				8F074FF21BBC0B0800A3853B /* Frameworks */,
				8F074FF31BBC0B0800A3853B /* Resources */,
			);
			buildRules = (
			);
			dependencies = (
			);
			name = "Demo15-UIView";
			productName = "Demo15-UIView";
			productReference = 8F074FF51BBC0B0800A3853B /* Demo15-UIView.app */;
			productType = "com.apple.product-type.application";
		};
/* End PBXNativeTarget section */

/* Begin PBXProject section */
		8F074FED1BBC0B0800A3853B /* Project object */ = {
			isa = PBXProject;
			attributes = {
				LastUpgradeCheck = 0700;
				ORGANIZATIONNAME = "PrashantKumar Mangukiya";
				TargetAttributes = {
					8F074FF41BBC0B0800A3853B = {
						CreatedOnToolsVersion = 7.0.1;
					};
				};
			};
			buildConfigurationList = 8F074FF01BBC0B0800A3853B /* Build configuration list for PBXProject "Demo15-UIView" */;
			compatibilityVersion = "Xcode 3.2";
			developmentRegion = English;
			hasScannedForEncodings = 0;
			knownRegions = (
				en,
				Base,
			);
			mainGroup = 8F074FEC1BBC0B0800A3853B;
			productRefGroup = 8F074FF61BBC0B0800A3853B /* Products */;
			projectDirPath = "";
			projectRoot = "";
			targets = (
				8F074FF41BBC0B0800A3853B /* Demo15-UIView */,
			);
		};
/* End PBXProject section */

/* Begin PBXResourcesBuildPhase section */
		8F074FF31BBC0B0800A3853B /* Resources */ = {
			isa = PBXResourcesBuildPhase;
			buildActionMask = 2147483647;
			files = (
				8F0750031BBC0B0800A3853B /* LaunchScreen.storyboard in Resources */,
				8F0750001BBC0B0800A3853B /* Assets.xcassets in Resources */,
				8F074FFE1BBC0B0800A3853B /* Main.storyboard in Resources */,
			);
			runOnlyForDeploymentPostprocessing = 0;
		};
/* End PBXResourcesBuildPhase section */

/* Begin PBXSourcesBuildPhase section */
		8F074FF11BBC0B0800A3853B /* Sources */ = {
			isa = PBXSourcesBuildPhase;
			buildActionMask = 2147483647;
			files = (
				8F074FFB1BBC0B0800A3853B /* ViewController.swift in Sources */,
				8F074FF91BBC0B0800A3853B /* AppDelegate.swift in Sources */,
			);
			runOnlyForDeploymentPostprocessing = 0;
		};
/* End PBXSourcesBuildPhase section */

/* Begin PBXVariantGroup section */
		8F074FFC1BBC0B0800A3853B /* Main.storyboard */ = {
			isa = PBXVariantGroup;
			children = (
				8F074FFD1BBC0B0800A3853B /* Base */,
			);
			name = Main.storyboard;
			sourceTree = "<group>";
		};
		8F0750011BBC0B0800A3853B /* LaunchScreen.storyboard */ = {
			isa = PBXVariantGroup;
			children = (
				8F0750021BBC0B0800A3853B /* Base */,
			);
			name = LaunchScreen.storyboard;
			sourceTree = "<group>";
		};
/* End PBXVariantGroup section */

/* Begin XCBuildConfiguration section */
		8F0750051BBC0B0800A3853B /* Debug */ = {
			isa = XCBuildConfiguration;
			buildSettings = {
				ALWAYS_SEARCH_USER_PATHS = NO;
				CLANG_CXX_LANGUAGE_STANDARD = "gnu++0x";
				CLANG_CXX_LIBRARY = "libc++";
				CLANG_ENABLE_MODULES = YES;
				CLANG_ENABLE_OBJC_ARC = YES;
				CLANG_WARN_BOOL_CONVERSION = YES;
				CLANG_WARN_CONSTANT_CONVERSION = YES;
				CLANG_WARN_DIRECT_OBJC_ISA_USAGE = YES_ERROR;
				CLANG_WARN_EMPTY_BODY = YES;
				CLANG_WARN_ENUM_CONVERSION = YES;
				CLANG_WARN_INT_CONVERSION = YES;
				CLANG_WARN_OBJC_ROOT_CLASS = YES_ERROR;
				CLANG_WARN_UNREACHABLE_CODE = YES;
				CLANG_WARN__DUPLICATE_METHOD_MATCH = YES;
				"CODE_SIGN_IDENTITY[sdk=iphoneos*]" = "iPhone Developer";
				COPY_PHASE_STRIP = NO;
				DEBUG_INFORMATION_FORMAT = dwarf;
				ENABLE_STRICT_OBJC_MSGSEND = YES;
				ENABLE_TESTABILITY = YES;
				GCC_C_LANGUAGE_STANDARD = gnu99;
				GCC_DYNAMIC_NO_PIC = NO;
				GCC_NO_COMMON_BLOCKS = YES;
				GCC_OPTIMIZATION_LEVEL = 0;
				GCC_PREPROCESSOR_DEFINITIONS = (
					"DEBUG=1",
					"$(inherited)",
				);
				GCC_WARN_64_TO_32_BIT_CONVERSION = YES;
				GCC_WARN_ABOUT_RETURN_TYPE = YES_ERROR;
				GCC_WARN_UNDECLARED_SELECTOR = YES;
				GCC_WARN_UNINITIALIZED_AUTOS = YES_AGGRESSIVE;
				GCC_WARN_UNUSED_FUNCTION = YES;
				GCC_WARN_UNUSED_VARIABLE = YES;
				IPHONEOS_DEPLOYMENT_TARGET = 9.0;
				MTL_ENABLE_DEBUG_INFO = YES;
				ONLY_ACTIVE_ARCH = YES;
				SDKROOT = iphoneos;
				SWIFT_OPTIMIZATION_LEVEL = "-Onone";
				TARGETED_DEVICE_FAMILY = "1,2";
			};
			name = Debug;
		};
		8F0750061BBC0B0800A3853B /* Release */ = {
			isa = XCBuildConfiguration;
			buildSettings = {
				ALWAYS_SEARCH_USER_PATHS = NO;
				CLANG_CXX_LANGUAGE_STANDARD = "gnu++0x";
				CLANG_CXX_LIBRARY = "libc++";
				CLANG_ENABLE_MODULES = YES;
				CLANG_ENABLE_OBJC_ARC = YES;
				CLANG_WARN_BOOL_CONVERSION = YES;
				CLANG_WARN_CONSTANT_CONVERSION = YES;
				CLANG_WARN_DIRECT_OBJC_ISA_USAGE = YES_ERROR;
				CLANG_WARN_EMPTY_BODY = YES;
				CLANG_WARN_ENUM_CONVERSION = YES;
				CLANG_WARN_INT_CONVERSION = YES;
				CLANG_WARN_OBJC_ROOT_CLASS = YES_ERROR;
				CLANG_WARN_UNREACHABLE_CODE = YES;
				CLANG_WARN__DUPLICATE_METHOD_MATCH = YES;
				"CODE_SIGN_IDENTITY[sdk=iphoneos*]" = "iPhone Developer";
				COPY_PHASE_STRIP = NO;
				DEBUG_INFORMATION_FORMAT = "dwarf-with-dsym";
				ENABLE_NS_ASSERTIONS = NO;
				ENABLE_STRICT_OBJC_MSGSEND = YES;
				GCC_C_LANGUAGE_STANDARD = gnu99;
				GCC_NO_COMMON_BLOCKS = YES;
				GCC_WARN_64_TO_32_BIT_CONVERSION = YES;
				GCC_WARN_ABOUT_RETURN_TYPE = YES_ERROR;
				GCC_WARN_UNDECLARED_SELECTOR = YES;
				GCC_WARN_UNINITIALIZED_AUTOS = YES_AGGRESSIVE;
				GCC_WARN_UNUSED_FUNCTION = YES;
				GCC_WARN_UNUSED_VARIABLE = YES;
				IPHONEOS_DEPLOYMENT_TARGET = 9.0;
				MTL_ENABLE_DEBUG_INFO = NO;
				SDKROOT = iphoneos;
				TARGETED_DEVICE_FAMILY = "1,2";
				VALIDATE_PRODUCT = YES;
			};
			name = Release;
		};
		8F0750081BBC0B0800A3853B /* Debug */ = {
			isa = XCBuildConfiguration;
			buildSettings = {
				ASSETCATALOG_COMPILER_APPICON_NAME = AppIcon;
				INFOPLIST_FILE = "Demo15-UIView/Info.plist";
				LD_RUNPATH_SEARCH_PATHS = "$(inherited) @executable_path/Frameworks";
				PRODUCT_BUNDLE_IDENTIFIER = "com.prashantmangukiya.ios.Demo15-UIView";
				PRODUCT_NAME = "$(TARGET_NAME)";
				TARGETED_DEVICE_FAMILY = "1,2";
			};
			name = Debug;
		};
		8F0750091BBC0B0800A3853B /* Release */ = {
			isa = XCBuildConfiguration;
			buildSettings = {
				ASSETCATALOG_COMPILER_APPICON_NAME = AppIcon;
				INFOPLIST_FILE = "Demo15-UIView/Info.plist";
				LD_RUNPATH_SEARCH_PATHS = "$(inherited) @executable_path/Frameworks";
				PRODUCT_BUNDLE_IDENTIFIER = "com.prashantmangukiya.ios.Demo15-UIView";
				PRODUCT_NAME = "$(TARGET_NAME)";
				TARGETED_DEVICE_FAMILY = "1,2";
			};
			name = Release;
		};
/* End XCBuildConfiguration section */

/* Begin XCConfigurationList section */
		8F074FF01BBC0B0800A3853B /* Build configuration list for PBXProject "Demo15-UIView" */ = {
			isa = XCConfigurationList;
			buildConfigurations = (
				8F0750051BBC0B0800A3853B /* Debug */,
				8F0750061BBC0B0800A3853B /* Release */,
			);
			defaultConfigurationIsVisible = 0;
			defaultConfigurationName = Release;
		};
		8F0750071BBC0B0800A3853B /* Build configuration list for PBXNativeTarget "Demo15-UIView" */ = {
			isa = XCConfigurationList;
			buildConfigurations = (
				8F0750081BBC0B0800A3853B /* Debug */,
				8F0750091BBC0B0800A3853B /* Release */,
			);
			defaultConfigurationIsVisible = 0;
			defaultConfigurationName = Release;
		};
/* End XCConfigurationList section */
	};
	rootObject = 8F074FED1BBC0B0800A3853B /* Project object */;
}
