// !$*UTF8*$!
{
	archiveVersion = 1;
	classes = {
	};
	objectVersion = 46;
	objects = {

/* Begin PBXBuildFile section */
		8F47F9D21BCCB56300EEA32D /* AppDelegate.swift in Sources */ = {isa = PBXBuildFile; fileRef = 8F47F9D11BCCB56300EEA32D /* AppDelegate.swift */; };
		8F47F9D41BCCB56300EEA32D /* ViewController.swift in Sources */ = {isa = PBXBuildFile; fileRef = 8F47F9D31BCCB56300EEA32D /* ViewController.swift */; };
		8F47F9D71BCCB56300EEA32D /* Main.storyboard in Resources */ = {isa = PBXBuildFile; fileRef = 8F47F9D51BCCB56300EEA32D /* Main.storyboard */; };
		8F47F9D91BCCB56300EEA32D /* Assets.xcassets in Resources */ = {isa = PBXBuildFile; fileRef = 8F47F9D81BCCB56300EEA32D /* Assets.xcassets */; };
		8F47F9DC1BCCB56300EEA32D /* LaunchScreen.storyboard in Resources */ = {isa = PBXBuildFile; fileRef = 8F47F9DA1BCCB56300EEA32D /* LaunchScreen.storyboard */; };
/* End PBXBuildFile section */

/* Begin PBXFileReference section */
		8F47F9CE1BCCB56300EEA32D /* Demo30-UIRotationGesture.app */ = {isa = PBXFileReference; explicitFileType = wrapper.application; includeInIndex = 0; path = "Demo30-UIRotationGesture.app"; sourceTree = BUILT_PRODUCTS_DIR; };
		8F47F9D11BCCB56300EEA32D /* AppDelegate.swift */ = {isa = PBXFileReference; lastKnownFileType = sourcecode.swift; path = AppDelegate.swift; sourceTree = "<group>"; };
		8F47F9D31BCCB56300EEA32D /* ViewController.swift */ = {isa = PBXFileReference; lastKnownFileType = sourcecode.swift; path = ViewController.swift; sourceTree = "<group>"; };
		8F47F9D61BCCB56300EEA32D /* Base */ = {isa = PBXFileReference; lastKnownFileType = file.storyboard; name = Base; path = Base.lproj/Main.storyboard; sourceTree = "<group>"; };
		8F47F9D81BCCB56300EEA32D /* Assets.xcassets */ = {isa = PBXFileReference; lastKnownFileType = folder.assetcatalog; path = Assets.xcassets; sourceTree = "<group>"; };
		8F47F9DB1BCCB56300EEA32D /* Base */ = {isa = PBXFileReference; lastKnownFileType = file.storyboard; name = Base; path = Base.lproj/LaunchScreen.storyboard; sourceTree = "<group>"; };
		8F47F9DD1BCCB56300EEA32D /* Info.plist */ = {isa = PBXFileReference; lastKnownFileType = text.plist.xml; path = Info.plist; sourceTree = "<group>"; };
/* End PBXFileReference section */

/* Begin PBXFrameworksBuildPhase section */
		8F47F9CB1BCCB56200EEA32D /* Frameworks */ = {
			isa = PBXFrameworksBuildPhase;
			buildActionMask = 2147483647;
			files = (
			);
			runOnlyForDeploymentPostprocessing = 0;
		};
/* End PBXFrameworksBuildPhase section */

/* Begin PBXGroup section */
		8F47F9C51BCCB56200EEA32D = {
			isa = PBXGroup;
			children = (
				8F47F9D01BCCB56300EEA32D /* Demo30-UIRotationGesture */,
				8F47F9CF1BCCB56300EEA32D /* Products */,
			);
			sourceTree = "<group>";
		};
		8F47F9CF1BCCB56300EEA32D /* Products */ = {
			isa = PBXGroup;
			children = (
				8F47F9CE1BCCB56300EEA32D /* Demo30-UIRotationGesture.app */,
			);
			name = Products;
			sourceTree = "<group>";
		};
		8F47F9D01BCCB56300EEA32D /* Demo30-UIRotationGesture */ = {
			isa = PBXGroup;
			children = (
				8F47F9D11BCCB56300EEA32D /* AppDelegate.swift */,
				8F47F9D31BCCB56300EEA32D /* ViewController.swift */,
				8F47F9D51BCCB56300EEA32D /* Main.storyboard */,
				8F47F9D81BCCB56300EEA32D /* Assets.xcassets */,
				8F47F9DA1BCCB56300EEA32D /* LaunchScreen.storyboard */,
				8F47F9DD1BCCB56300EEA32D /* Info.plist */,
			);
			path = "Demo30-UIRotationGesture";
			sourceTree = "<group>";
		};
/* End PBXGroup section */

/* Begin PBXNativeTarget section */
		8F47F9CD1BCCB56200EEA32D /* Demo30-UIRotationGesture */ = {
			isa = PBXNativeTarget;
			buildConfigurationList = 8F47F9E01BCCB56300EEA32D /* Build configuration list for PBXNativeTarget "Demo30-UIRotationGesture" */;
			buildPhases = (
				8F47F9CA1BCCB56200EEA32D /* Sources */,
				8F47F9CB1BCCB56200EEA32D /* Frameworks */,
				8F47F9CC1BCCB56200EEA32D /* Resources */,
			);
			buildRules = (
			);
			dependencies = (
			);
			name = "Demo30-UIRotationGesture";
			productName = "Demo30-UIRotationGesture";
			productReference = 8F47F9CE1BCCB56300EEA32D /* Demo30-UIRotationGesture.app */;
			productType = "com.apple.product-type.application";
		};
/* End PBXNativeTarget section */

/* Begin PBXProject section */
		8F47F9C61BCCB56200EEA32D /* Project object */ = {
			isa = PBXProject;
			attributes = {
				LastUpgradeCheck = 0700;
				ORGANIZATIONNAME = "PrashantKumar Mangukiya";
				TargetAttributes = {
					8F47F9CD1BCCB56200EEA32D = {
						CreatedOnToolsVersion = 7.0.1;
					};
				};
			};
			buildConfigurationList = 8F47F9C91BCCB56200EEA32D /* Build configuration list for PBXProject "Demo30-UIRotationGesture" */;
			compatibilityVersion = "Xcode 3.2";
			developmentRegion = English;
			hasScannedForEncodings = 0;
			knownRegions = (
				en,
				Base,
			);
			mainGroup = 8F47F9C51BCCB56200EEA32D;
			productRefGroup = 8F47F9CF1BCCB56300EEA32D /* Products */;
			projectDirPath = "";
			projectRoot = "";
			targets = (
				8F47F9CD1BCCB56200EEA32D /* Demo30-UIRotationGesture */,
			);
		};
/* End PBXProject section */

/* Begin PBXResourcesBuildPhase section */
		8F47F9CC1BCCB56200EEA32D /* Resources */ = {
			isa = PBXResourcesBuildPhase;
			buildActionMask = 2147483647;
			files = (
				8F47F9DC1BCCB56300EEA32D /* LaunchScreen.storyboard in Resources */,
				8F47F9D91BCCB56300EEA32D /* Assets.xcassets in Resources */,
				8F47F9D71BCCB56300EEA32D /* Main.storyboard in Resources */,
			);
			runOnlyForDeploymentPostprocessing = 0;
		};
/* End PBXResourcesBuildPhase section */

/* Begin PBXSourcesBuildPhase section */
		8F47F9CA1BCCB56200EEA32D /* Sources */ = {
			isa = PBXSourcesBuildPhase;
			buildActionMask = 2147483647;
			files = (
				8F47F9D41BCCB56300EEA32D /* ViewController.swift in Sources */,
				8F47F9D21BCCB56300EEA32D /* AppDelegate.swift in Sources */,
			);
			runOnlyForDeploymentPostprocessing = 0;
		};
/* End PBXSourcesBuildPhase section */

/* Begin PBXVariantGroup section */
		8F47F9D51BCCB56300EEA32D /* Main.storyboard */ = {
			isa = PBXVariantGroup;
			children = (
				8F47F9D61BCCB56300EEA32D /* Base */,
			);
			name = Main.storyboard;
			sourceTree = "<group>";
		};
		8F47F9DA1BCCB56300EEA32D /* LaunchScreen.storyboard */ = {
			isa = PBXVariantGroup;
			children = (
				8F47F9DB1BCCB56300EEA32D /* Base */,
			);
			name = LaunchScreen.storyboard;
			sourceTree = "<group>";
		};
/* End PBXVariantGroup section */

/* Begin XCBuildConfiguration section */
		8F47F9DE1BCCB56300EEA32D /* Debug */ = {
			isa = XCBuildConfiguration;
			buildSettings = {
				ALWAYS_SEARCH_USER_PATHS = NO;
				CLANG_CXX_LANGUAGE_STANDARD = "gnu++0x";
				CLANG_CXX_LIBRARY = "libc++";
				CLANG_ENABLE_MODULES = YES;
				CLANG_ENABLE_OBJC_ARC = YES;
				CLANG_WARN_BOOL_CONVERSION = YES;
				CLANG_WARN_CONSTANT_CONVERSION = YES;
				CLANG_WARN_DIRECT_OBJC_ISA_USAGE = YES_ERROR;
				CLANG_WARN_EMPTY_BODY = YES;
				CLANG_WARN_ENUM_CONVERSION = YES;
				CLANG_WARN_INT_CONVERSION = YES;
				CLANG_WARN_OBJC_ROOT_CLASS = YES_ERROR;
				CLANG_WARN_UNREACHABLE_CODE = YES;
				CLANG_WARN__DUPLICATE_METHOD_MATCH = YES;
				"CODE_SIGN_IDENTITY[sdk=iphoneos*]" = "iPhone Developer";
				COPY_PHASE_STRIP = NO;
				DEBUG_INFORMATION_FORMAT = dwarf;
				ENABLE_STRICT_OBJC_MSGSEND = YES;
				ENABLE_TESTABILITY = YES;
				GCC_C_LANGUAGE_STANDARD = gnu99;
				GCC_DYNAMIC_NO_PIC = NO;
				GCC_NO_COMMON_BLOCKS = YES;
				GCC_OPTIMIZATION_LEVEL = 0;
				GCC_PREPROCESSOR_DEFINITIONS = (
					"DEBUG=1",
					"$(inherited)",
				);
				GCC_WARN_64_TO_32_BIT_CONVERSION = YES;
				GCC_WARN_ABOUT_RETURN_TYPE = YES_ERROR;
				GCC_WARN_UNDECLARED_SELECTOR = YES;
				GCC_WARN_UNINITIALIZED_AUTOS = YES_AGGRESSIVE;
				GCC_WARN_UNUSED_FUNCTION = YES;
				GCC_WARN_UNUSED_VARIABLE = YES;
				IPHONEOS_DEPLOYMENT_TARGET = 9.0;
				MTL_ENABLE_DEBUG_INFO = YES;
				ONLY_ACTIVE_ARCH = YES;
				SDKROOT = iphoneos;
				SWIFT_OPTIMIZATION_LEVEL = "-Onone";
				TARGETED_DEVICE_FAMILY = "1,2";
			};
			name = Debug;
		};
		8F47F9DF1BCCB56300EEA32D /* Release */ = {
			isa = XCBuildConfiguration;
			buildSettings = {
				ALWAYS_SEARCH_USER_PATHS = NO;
				CLANG_CXX_LANGUAGE_STANDARD = "gnu++0x";
				CLANG_CXX_LIBRARY = "libc++";
				CLANG_ENABLE_MODULES = YES;
				CLANG_ENABLE_OBJC_ARC = YES;
				CLANG_WARN_BOOL_CONVERSION = YES;
				CLANG_WARN_CONSTANT_CONVERSION = YES;
				CLANG_WARN_DIRECT_OBJC_ISA_USAGE = YES_ERROR;
				CLANG_WARN_EMPTY_BODY = YES;
				CLANG_WARN_ENUM_CONVERSION = YES;
				CLANG_WARN_INT_CONVERSION = YES;
				CLANG_WARN_OBJC_ROOT_CLASS = YES_ERROR;
				CLANG_WARN_UNREACHABLE_CODE = YES;
				CLANG_WARN__DUPLICATE_METHOD_MATCH = YES;
				"CODE_SIGN_IDENTITY[sdk=iphoneos*]" = "iPhone Developer";
				COPY_PHASE_STRIP = NO;
				DEBUG_INFORMATION_FORMAT = "dwarf-with-dsym";
				ENABLE_NS_ASSERTIONS = NO;
				ENABLE_STRICT_OBJC_MSGSEND = YES;
				GCC_C_LANGUAGE_STANDARD = gnu99;
				GCC_NO_COMMON_BLOCKS = YES;
				GCC_WARN_64_TO_32_BIT_CONVERSION = YES;
				GCC_WARN_ABOUT_RETURN_TYPE = YES_ERROR;
				GCC_WARN_UNDECLARED_SELECTOR = YES;
				GCC_WARN_UNINITIALIZED_AUTOS = YES_AGGRESSIVE;
				GCC_WARN_UNUSED_FUNCTION = YES;
				GCC_WARN_UNUSED_VARIABLE = YES;
				IPHONEOS_DEPLOYMENT_TARGET = 9.0;
				MTL_ENABLE_DEBUG_INFO = NO;
				SDKROOT = iphoneos;
				TARGETED_DEVICE_FAMILY = "1,2";
				VALIDATE_PRODUCT = YES;
			};
			name = Release;
		};
		8F47F9E11BCCB56300EEA32D /* Debug */ = {
			isa = XCBuildConfiguration;
			buildSettings = {
				ASSETCATALOG_COMPILER_APPICON_NAME = AppIcon;
				INFOPLIST_FILE = "Demo30-UIRotationGesture/Info.plist";
				LD_RUNPATH_SEARCH_PATHS = "$(inherited) @executable_path/Frameworks";
				PRODUCT_BUNDLE_IDENTIFIER = "com.prashantmangukiya.ios.Demo30-UIRotationGesture";
				PRODUCT_NAME = "$(TARGET_NAME)";
			};
			name = Debug;
		};
		8F47F9E21BCCB56300EEA32D /* Release */ = {
			isa = XCBuildConfiguration;
			buildSettings = {
				ASSETCATALOG_COMPILER_APPICON_NAME = AppIcon;
				INFOPLIST_FILE = "Demo30-UIRotationGesture/Info.plist";
				LD_RUNPATH_SEARCH_PATHS = "$(inherited) @executable_path/Frameworks";
				PRODUCT_BUNDLE_IDENTIFIER = "com.prashantmangukiya.ios.Demo30-UIRotationGesture";
				PRODUCT_NAME = "$(TARGET_NAME)";
			};
			name = Release;
		};
/* End XCBuildConfiguration section */

/* Begin XCConfigurationList section */
		8F47F9C91BCCB56200EEA32D /* Build configuration list for PBXProject "Demo30-UIRotationGesture" */ = {
			isa = XCConfigurationList;
			buildConfigurations = (
				8F47F9DE1BCCB56300EEA32D /* Debug */,
				8F47F9DF1BCCB56300EEA32D /* Release */,
			);
			defaultConfigurationIsVisible = 0;
			defaultConfigurationName = Release;
		};
		8F47F9E01BCCB56300EEA32D /* Build configuration list for PBXNativeTarget "Demo30-UIRotationGesture" */ = {
			isa = XCConfigurationList;
			buildConfigurations = (
				8F47F9E11BCCB56300EEA32D /* Debug */,
				8F47F9E21BCCB56300EEA32D /* Release */,
			);
			defaultConfigurationIsVisible = 0;
		};
/* End XCConfigurationList section */
	};
	rootObject = 8F47F9C61BCCB56200EEA32D /* Project object */;
}
